// !$*UTF8*$!
{
	archiveVersion = 1;
	classes = {
	};
	objectVersion = 46;
	objects = {

/* Begin PBXBuildFile section */
		090FB6ED19F5DA6A008F437F /* StatisticsModel.m in Sources */ = {isa = PBXBuildFile; fileRef = 090FB6E219F5DA6A008F437F /* StatisticsModel.m */; };
		090FB6EE19F5DA6A008F437F /* HTTPService.m in Sources */ = {isa = PBXBuildFile; fileRef = 090FB6E519F5DA6A008F437F /* HTTPService.m */; };
		090FB6EF19F5DA6A008F437F /* StatisticsPostWorker.m in Sources */ = {isa = PBXBuildFile; fileRef = 090FB6E719F5DA6A008F437F /* StatisticsPostWorker.m */; };
		090FB6F019F5DA6A008F437F /* DashBoardView.m in Sources */ = {isa = PBXBuildFile; fileRef = 090FB6EA19F5DA6A008F437F /* DashBoardView.m */; };
		090FB6F119F5DA6A008F437F /* GradientPercentView.m in Sources */ = {isa = PBXBuildFile; fileRef = 090FB6EC19F5DA6A008F437F /* GradientPercentView.m */; };
		09B0B25F19F5D99A008DCE56 /* Foundation.framework in Frameworks */ = {isa = PBXBuildFile; fileRef = 09B0B25E19F5D99A008DCE56 /* Foundation.framework */; };
		09B0B26119F5D99A008DCE56 /* CoreGraphics.framework in Frameworks */ = {isa = PBXBuildFile; fileRef = 09B0B26019F5D99A008DCE56 /* CoreGraphics.framework */; };
		09B0B26319F5D99A008DCE56 /* UIKit.framework in Frameworks */ = {isa = PBXBuildFile; fileRef = 09B0B26219F5D99A008DCE56 /* UIKit.framework */; };
		09B0B26919F5D99A008DCE56 /* InfoPlist.strings in Resources */ = {isa = PBXBuildFile; fileRef = 09B0B26719F5D99A008DCE56 /* InfoPlist.strings */; };
		09B0B26B19F5D99A008DCE56 /* main.m in Sources */ = {isa = PBXBuildFile; fileRef = 09B0B26A19F5D99A008DCE56 /* main.m */; };
		09B0B26F19F5D99A008DCE56 /* AppDelegate.m in Sources */ = {isa = PBXBuildFile; fileRef = 09B0B26E19F5D99A008DCE56 /* AppDelegate.m */; };
		09B0B27819F5D99A008DCE56 /* ViewController.m in Sources */ = {isa = PBXBuildFile; fileRef = 09B0B27719F5D99A008DCE56 /* ViewController.m */; };
		09B0B27A19F5D99A008DCE56 /* Images.xcassets in Resources */ = {isa = PBXBuildFile; fileRef = 09B0B27919F5D99A008DCE56 /* Images.xcassets */; };
		09B0B28119F5D99A008DCE56 /* XCTest.framework in Frameworks */ = {isa = PBXBuildFile; fileRef = 09B0B28019F5D99A008DCE56 /* XCTest.framework */; };
		09B0B28219F5D99A008DCE56 /* Foundation.framework in Frameworks */ = {isa = PBXBuildFile; fileRef = 09B0B25E19F5D99A008DCE56 /* Foundation.framework */; };
		09B0B28319F5D99A008DCE56 /* UIKit.framework in Frameworks */ = {isa = PBXBuildFile; fileRef = 09B0B26219F5D99A008DCE56 /* UIKit.framework */; };
		09B0B28B19F5D99A008DCE56 /* InfoPlist.strings in Resources */ = {isa = PBXBuildFile; fileRef = 09B0B28919F5D99A008DCE56 /* InfoPlist.strings */; };
		09B0B28D19F5D99A008DCE56 /* E1Tests.m in Sources */ = {isa = PBXBuildFile; fileRef = 09B0B28C19F5D99A008DCE56 /* E1Tests.m */; };
		E7760E9119F711E500AFFC4B /* CATransform3DPerspect.m in Sources */ = {isa = PBXBuildFile; fileRef = E7760E9019F711E500AFFC4B /* CATransform3DPerspect.m */; };
		E78256CF19F7362E005E42C1 /* StatisticsAnalyzerView.m in Sources */ = {isa = PBXBuildFile; fileRef = E78256CE19F7362E005E42C1 /* StatisticsAnalyzerView.m */; };
		E78256D219F74356005E42C1 /* AnalyzerLayerDelegate.m in Sources */ = {isa = PBXBuildFile; fileRef = E78256D119F74356005E42C1 /* AnalyzerLayerDelegate.m */; };
/* End PBXBuildFile section */

/* Begin PBXContainerItemProxy section */
		09B0B28419F5D99A008DCE56 /* PBXContainerItemProxy */ = {
			isa = PBXContainerItemProxy;
			containerPortal = 09B0B25319F5D99A008DCE56 /* Project object */;
			proxyType = 1;
			remoteGlobalIDString = 09B0B25A19F5D99A008DCE56;
			remoteInfo = E1;
		};
/* End PBXContainerItemProxy section */

/* Begin PBXFileReference section */
		090FB6E119F5DA6A008F437F /* StatisticsModel.h */ = {isa = PBXFileReference; fileEncoding = 4; lastKnownFileType = sourcecode.c.h; path = StatisticsModel.h; sourceTree = "<group>"; };
		090FB6E219F5DA6A008F437F /* StatisticsModel.m */ = {isa = PBXFileReference; fileEncoding = 4; lastKnownFileType = sourcecode.c.objc; path = StatisticsModel.m; sourceTree = "<group>"; };
		090FB6E419F5DA6A008F437F /* HTTPService.h */ = {isa = PBXFileReference; fileEncoding = 4; lastKnownFileType = sourcecode.c.h; path = HTTPService.h; sourceTree = "<group>"; };
		090FB6E519F5DA6A008F437F /* HTTPService.m */ = {isa = PBXFileReference; fileEncoding = 4; lastKnownFileType = sourcecode.c.objc; path = HTTPService.m; sourceTree = "<group>"; };
		090FB6E619F5DA6A008F437F /* StatisticsPostWorker.h */ = {isa = PBXFileReference; fileEncoding = 4; lastKnownFileType = sourcecode.c.h; path = StatisticsPostWorker.h; sourceTree = "<group>"; };
		090FB6E719F5DA6A008F437F /* StatisticsPostWorker.m */ = {isa = PBXFileReference; fileEncoding = 4; lastKnownFileType = sourcecode.c.objc; path = StatisticsPostWorker.m; sourceTree = "<group>"; };
		090FB6E919F5DA6A008F437F /* DashBoardView.h */ = {isa = PBXFileReference; fileEncoding = 4; lastKnownFileType = sourcecode.c.h; path = DashBoardView.h; sourceTree = "<group>"; };
		090FB6EA19F5DA6A008F437F /* DashBoardView.m */ = {isa = PBXFileReference; fileEncoding = 4; lastKnownFileType = sourcecode.c.objc; path = DashBoardView.m; sourceTree = "<group>"; };
		090FB6EB19F5DA6A008F437F /* GradientPercentView.h */ = {isa = PBXFileReference; fileEncoding = 4; lastKnownFileType = sourcecode.c.h; path = GradientPercentView.h; sourceTree = "<group>"; };
		090FB6EC19F5DA6A008F437F /* GradientPercentView.m */ = {isa = PBXFileReference; fileEncoding = 4; lastKnownFileType = sourcecode.c.objc; path = GradientPercentView.m; sourceTree = "<group>"; };
		090FB6F219F5DAD4008F437F /* Definations.h */ = {isa = PBXFileReference; fileEncoding = 4; lastKnownFileType = sourcecode.c.h; path = Definations.h; sourceTree = "<group>"; };
		090FB6F319F5DAD4008F437F /* Notifications.h */ = {isa = PBXFileReference; fileEncoding = 4; lastKnownFileType = sourcecode.c.h; path = Notifications.h; sourceTree = "<group>"; };
		09B0B25B19F5D99A008DCE56 /* E1.app */ = {isa = PBXFileReference; explicitFileType = wrapper.application; includeInIndex = 0; path = E1.app; sourceTree = BUILT_PRODUCTS_DIR; };
		09B0B25E19F5D99A008DCE56 /* Foundation.framework */ = {isa = PBXFileReference; lastKnownFileType = wrapper.framework; name = Foundation.framework; path = System/Library/Frameworks/Foundation.framework; sourceTree = SDKROOT; };
		09B0B26019F5D99A008DCE56 /* CoreGraphics.framework */ = {isa = PBXFileReference; lastKnownFileType = wrapper.framework; name = CoreGraphics.framework; path = System/Library/Frameworks/CoreGraphics.framework; sourceTree = SDKROOT; };
		09B0B26219F5D99A008DCE56 /* UIKit.framework */ = {isa = PBXFileReference; lastKnownFileType = wrapper.framework; name = UIKit.framework; path = System/Library/Frameworks/UIKit.framework; sourceTree = SDKROOT; };
		09B0B26619F5D99A008DCE56 /* E1-Info.plist */ = {isa = PBXFileReference; lastKnownFileType = text.plist.xml; path = "E1-Info.plist"; sourceTree = "<group>"; };
		09B0B26819F5D99A008DCE56 /* en */ = {isa = PBXFileReference; lastKnownFileType = text.plist.strings; name = en; path = en.lproj/InfoPlist.strings; sourceTree = "<group>"; };
		09B0B26A19F5D99A008DCE56 /* main.m */ = {isa = PBXFileReference; lastKnownFileType = sourcecode.c.objc; path = main.m; sourceTree = "<group>"; };
		09B0B26C19F5D99A008DCE56 /* E1-Prefix.pch */ = {isa = PBXFileReference; lastKnownFileType = sourcecode.c.h; path = "E1-Prefix.pch"; sourceTree = "<group>"; };
		09B0B26D19F5D99A008DCE56 /* AppDelegate.h */ = {isa = PBXFileReference; lastKnownFileType = sourcecode.c.h; path = AppDelegate.h; sourceTree = "<group>"; };
		09B0B26E19F5D99A008DCE56 /* AppDelegate.m */ = {isa = PBXFileReference; lastKnownFileType = sourcecode.c.objc; path = AppDelegate.m; sourceTree = "<group>"; };
		09B0B27619F5D99A008DCE56 /* ViewController.h */ = {isa = PBXFileReference; lastKnownFileType = sourcecode.c.h; path = ViewController.h; sourceTree = "<group>"; };
		09B0B27719F5D99A008DCE56 /* ViewController.m */ = {isa = PBXFileReference; lastKnownFileType = sourcecode.c.objc; path = ViewController.m; sourceTree = "<group>"; };
		09B0B27919F5D99A008DCE56 /* Images.xcassets */ = {isa = PBXFileReference; lastKnownFileType = folder.assetcatalog; path = Images.xcassets; sourceTree = "<group>"; };
		09B0B27F19F5D99A008DCE56 /* E1Tests.xctest */ = {isa = PBXFileReference; explicitFileType = wrapper.cfbundle; includeInIndex = 0; path = E1Tests.xctest; sourceTree = BUILT_PRODUCTS_DIR; };
		09B0B28019F5D99A008DCE56 /* XCTest.framework */ = {isa = PBXFileReference; lastKnownFileType = wrapper.framework; name = XCTest.framework; path = Library/Frameworks/XCTest.framework; sourceTree = DEVELOPER_DIR; };
		09B0B28819F5D99A008DCE56 /* E1Tests-Info.plist */ = {isa = PBXFileReference; lastKnownFileType = text.plist.xml; path = "E1Tests-Info.plist"; sourceTree = "<group>"; };
		09B0B28A19F5D99A008DCE56 /* en */ = {isa = PBXFileReference; lastKnownFileType = text.plist.strings; name = en; path = en.lproj/InfoPlist.strings; sourceTree = "<group>"; };
		09B0B28C19F5D99A008DCE56 /* E1Tests.m */ = {isa = PBXFileReference; lastKnownFileType = sourcecode.c.objc; path = E1Tests.m; sourceTree = "<group>"; };
		E7760E8F19F711E500AFFC4B /* CATransform3DPerspect.h */ = {isa = PBXFileReference; fileEncoding = 4; lastKnownFileType = sourcecode.c.h; path = CATransform3DPerspect.h; sourceTree = "<group>"; };
		E7760E9019F711E500AFFC4B /* CATransform3DPerspect.m */ = {isa = PBXFileReference; fileEncoding = 4; lastKnownFileType = sourcecode.c.objc; path = CATransform3DPerspect.m; sourceTree = "<group>"; };
		E78256CD19F7362E005E42C1 /* StatisticsAnalyzerView.h */ = {isa = PBXFileReference; fileEncoding = 4; lastKnownFileType = sourcecode.c.h; path = StatisticsAnalyzerView.h; sourceTree = "<group>"; };
		E78256CE19F7362E005E42C1 /* StatisticsAnalyzerView.m */ = {isa = PBXFileReference; fileEncoding = 4; lastKnownFileType = sourcecode.c.objc; path = StatisticsAnalyzerView.m; sourceTree = "<group>"; };
		E78256D019F74356005E42C1 /* AnalyzerLayerDelegate.h */ = {isa = PBXFileReference; fileEncoding = 4; lastKnownFileType = sourcecode.c.h; path = AnalyzerLayerDelegate.h; sourceTree = "<group>"; };
		E78256D119F74356005E42C1 /* AnalyzerLayerDelegate.m */ = {isa = PBXFileReference; fileEncoding = 4; lastKnownFileType = sourcecode.c.objc; path = AnalyzerLayerDelegate.m; sourceTree = "<group>"; };
/* End PBXFileReference section */

/* Begin PBXFrameworksBuildPhase section */
		09B0B25819F5D99A008DCE56 /* Frameworks */ = {
			isa = PBXFrameworksBuildPhase;
			buildActionMask = 2147483647;
			files = (
				09B0B26119F5D99A008DCE56 /* CoreGraphics.framework in Frameworks */,
				09B0B26319F5D99A008DCE56 /* UIKit.framework in Frameworks */,
				09B0B25F19F5D99A008DCE56 /* Foundation.framework in Frameworks */,
			);
			runOnlyForDeploymentPostprocessing = 0;
		};
		09B0B27C19F5D99A008DCE56 /* Frameworks */ = {
			isa = PBXFrameworksBuildPhase;
			buildActionMask = 2147483647;
			files = (
				09B0B28119F5D99A008DCE56 /* XCTest.framework in Frameworks */,
				09B0B28319F5D99A008DCE56 /* UIKit.framework in Frameworks */,
				09B0B28219F5D99A008DCE56 /* Foundation.framework in Frameworks */,
			);
			runOnlyForDeploymentPostprocessing = 0;
		};
/* End PBXFrameworksBuildPhase section */

/* Begin PBXGroup section */
		090FB6E019F5DA6A008F437F /* Models */ = {
			isa = PBXGroup;
			children = (
				090FB6E119F5DA6A008F437F /* StatisticsModel.h */,
				090FB6E219F5DA6A008F437F /* StatisticsModel.m */,
			);
			path = Models;
			sourceTree = "<group>";
		};
		090FB6E319F5DA6A008F437F /* Services */ = {
			isa = PBXGroup;
			children = (
				090FB6E419F5DA6A008F437F /* HTTPService.h */,
				090FB6E519F5DA6A008F437F /* HTTPService.m */,
				090FB6E619F5DA6A008F437F /* StatisticsPostWorker.h */,
				090FB6E719F5DA6A008F437F /* StatisticsPostWorker.m */,
			);
			path = Services;
			sourceTree = "<group>";
		};
		090FB6E819F5DA6A008F437F /* Views */ = {
			isa = PBXGroup;
			children = (
				E7760E8E19F711E500AFFC4B /* 3DPerspect */,
				090FB6E919F5DA6A008F437F /* DashBoardView.h */,
				090FB6EA19F5DA6A008F437F /* DashBoardView.m */,
				090FB6EB19F5DA6A008F437F /* GradientPercentView.h */,
				090FB6EC19F5DA6A008F437F /* GradientPercentView.m */,
				E78256CD19F7362E005E42C1 /* StatisticsAnalyzerView.h */,
				E78256CE19F7362E005E42C1 /* StatisticsAnalyzerView.m */,
				E78256D019F74356005E42C1 /* AnalyzerLayerDelegate.h */,
				E78256D119F74356005E42C1 /* AnalyzerLayerDelegate.m */,
			);
			path = Views;
			sourceTree = "<group>";
		};
		09B0B25219F5D99A008DCE56 = {
			isa = PBXGroup;
			children = (
				09B0B26419F5D99A008DCE56 /* E1 */,
				09B0B28619F5D99A008DCE56 /* E1Tests */,
				09B0B25D19F5D99A008DCE56 /* Frameworks */,
				09B0B25C19F5D99A008DCE56 /* Products */,
			);
			sourceTree = "<group>";
		};
		09B0B25C19F5D99A008DCE56 /* Products */ = {
			isa = PBXGroup;
			children = (
				09B0B25B19F5D99A008DCE56 /* E1.app */,
				09B0B27F19F5D99A008DCE56 /* E1Tests.xctest */,
			);
			name = Products;
			sourceTree = "<group>";
		};
		09B0B25D19F5D99A008DCE56 /* Frameworks */ = {
			isa = PBXGroup;
			children = (
				09B0B25E19F5D99A008DCE56 /* Foundation.framework */,
				09B0B26019F5D99A008DCE56 /* CoreGraphics.framework */,
				09B0B26219F5D99A008DCE56 /* UIKit.framework */,
				09B0B28019F5D99A008DCE56 /* XCTest.framework */,
			);
			name = Frameworks;
			sourceTree = "<group>";
		};
		09B0B26419F5D99A008DCE56 /* E1 */ = {
			isa = PBXGroup;
			children = (
				090FB6E019F5DA6A008F437F /* Models */,
				090FB6E319F5DA6A008F437F /* Services */,
				090FB6E819F5DA6A008F437F /* Views */,
				09B0B26D19F5D99A008DCE56 /* AppDelegate.h */,
				09B0B26E19F5D99A008DCE56 /* AppDelegate.m */,
				09B0B27619F5D99A008DCE56 /* ViewController.h */,
				09B0B27719F5D99A008DCE56 /* ViewController.m */,
				090FB6F219F5DAD4008F437F /* Definations.h */,
				090FB6F319F5DAD4008F437F /* Notifications.h */,
				09B0B27919F5D99A008DCE56 /* Images.xcassets */,
				09B0B26519F5D99A008DCE56 /* Supporting Files */,
			);
			path = E1;
			sourceTree = "<group>";
		};
		09B0B26519F5D99A008DCE56 /* Supporting Files */ = {
			isa = PBXGroup;
			children = (
				09B0B26619F5D99A008DCE56 /* E1-Info.plist */,
				09B0B26719F5D99A008DCE56 /* InfoPlist.strings */,
				09B0B26A19F5D99A008DCE56 /* main.m */,
				09B0B26C19F5D99A008DCE56 /* E1-Prefix.pch */,
			);
			name = "Supporting Files";
			sourceTree = "<group>";
		};
		09B0B28619F5D99A008DCE56 /* E1Tests */ = {
			isa = PBXGroup;
			children = (
				09B0B28C19F5D99A008DCE56 /* E1Tests.m */,
				09B0B28719F5D99A008DCE56 /* Supporting Files */,
			);
			path = E1Tests;
			sourceTree = "<group>";
		};
		09B0B28719F5D99A008DCE56 /* Supporting Files */ = {
			isa = PBXGroup;
			children = (
				09B0B28819F5D99A008DCE56 /* E1Tests-Info.plist */,
				09B0B28919F5D99A008DCE56 /* InfoPlist.strings */,
			);
			name = "Supporting Files";
			sourceTree = "<group>";
		};
		E7760E8E19F711E500AFFC4B /* 3DPerspect */ = {
			isa = PBXGroup;
			children = (
				E7760E8F19F711E500AFFC4B /* CATransform3DPerspect.h */,
				E7760E9019F711E500AFFC4B /* CATransform3DPerspect.m */,
			);
			path = 3DPerspect;
			sourceTree = "<group>";
		};
/* End PBXGroup section */

/* Begin PBXNativeTarget section */
		09B0B25A19F5D99A008DCE56 /* E1 */ = {
			isa = PBXNativeTarget;
			buildConfigurationList = 09B0B29019F5D99A008DCE56 /* Build configuration list for PBXNativeTarget "E1" */;
			buildPhases = (
				09B0B25719F5D99A008DCE56 /* Sources */,
				09B0B25819F5D99A008DCE56 /* Frameworks */,
				09B0B25919F5D99A008DCE56 /* Resources */,
			);
			buildRules = (
			);
			dependencies = (
			);
			name = E1;
			productName = E1;
			productReference = 09B0B25B19F5D99A008DCE56 /* E1.app */;
			productType = "com.apple.product-type.application";
		};
		09B0B27E19F5D99A008DCE56 /* E1Tests */ = {
			isa = PBXNativeTarget;
			buildConfigurationList = 09B0B29319F5D99A008DCE56 /* Build configuration list for PBXNativeTarget "E1Tests" */;
			buildPhases = (
				09B0B27B19F5D99A008DCE56 /* Sources */,
				09B0B27C19F5D99A008DCE56 /* Frameworks */,
				09B0B27D19F5D99A008DCE56 /* Resources */,
			);
			buildRules = (
			);
			dependencies = (
				09B0B28519F5D99A008DCE56 /* PBXTargetDependency */,
			);
			name = E1Tests;
			productName = E1Tests;
			productReference = 09B0B27F19F5D99A008DCE56 /* E1Tests.xctest */;
			productType = "com.apple.product-type.bundle.unit-test";
		};
/* End PBXNativeTarget section */

/* Begin PBXProject section */
		09B0B25319F5D99A008DCE56 /* Project object */ = {
			isa = PBXProject;
			attributes = {
				LastUpgradeCheck = 0510;
				ORGANIZATIONNAME = EY;
				TargetAttributes = {
					09B0B27E19F5D99A008DCE56 = {
						TestTargetID = 09B0B25A19F5D99A008DCE56;
					};
				};
			};
			buildConfigurationList = 09B0B25619F5D99A008DCE56 /* Build configuration list for PBXProject "E1" */;
			compatibilityVersion = "Xcode 3.2";
			developmentRegion = English;
			hasScannedForEncodings = 0;
			knownRegions = (
				en,
				Base,
			);
			mainGroup = 09B0B25219F5D99A008DCE56;
			productRefGroup = 09B0B25C19F5D99A008DCE56 /* Products */;
			projectDirPath = "";
			projectRoot = "";
			targets = (
				09B0B25A19F5D99A008DCE56 /* E1 */,
				09B0B27E19F5D99A008DCE56 /* E1Tests */,
			);
		};
/* End PBXProject section */

/* Begin PBXResourcesBuildPhase section */
		09B0B25919F5D99A008DCE56 /* Resources */ = {
			isa = PBXResourcesBuildPhase;
			buildActionMask = 2147483647;
			files = (
				09B0B27A19F5D99A008DCE56 /* Images.xcassets in Resources */,
				09B0B26919F5D99A008DCE56 /* InfoPlist.strings in Resources */,
			);
			runOnlyForDeploymentPostprocessing = 0;
		};
		09B0B27D19F5D99A008DCE56 /* Resources */ = {
			isa = PBXResourcesBuildPhase;
			buildActionMask = 2147483647;
			files = (
				09B0B28B19F5D99A008DCE56 /* InfoPlist.strings in Resources */,
			);
			runOnlyForDeploymentPostprocessing = 0;
		};
/* End PBXResourcesBuildPhase section */

/* Begin PBXSourcesBuildPhase section */
		09B0B25719F5D99A008DCE56 /* Sources */ = {
			isa = PBXSourcesBuildPhase;
			buildActionMask = 2147483647;
			files = (
				E78256D219F74356005E42C1 /* AnalyzerLayerDelegate.m in Sources */,
				090FB6EF19F5DA6A008F437F /* StatisticsPostWorker.m in Sources */,
				090FB6ED19F5DA6A008F437F /* StatisticsModel.m in Sources */,
				090FB6F119F5DA6A008F437F /* GradientPercentView.m in Sources */,
				090FB6EE19F5DA6A008F437F /* HTTPService.m in Sources */,
				E7760E9119F711E500AFFC4B /* CATransform3DPerspect.m in Sources */,
				09B0B27819F5D99A008DCE56 /* ViewController.m in Sources */,
				09B0B26F19F5D99A008DCE56 /* AppDelegate.m in Sources */,
				E78256CF19F7362E005E42C1 /* StatisticsAnalyzerView.m in Sources */,
				09B0B26B19F5D99A008DCE56 /* main.m in Sources */,
				090FB6F019F5DA6A008F437F /* DashBoardView.m in Sources */,
			);
			runOnlyForDeploymentPostprocessing = 0;
		};
		09B0B27B19F5D99A008DCE56 /* Sources */ = {
			isa = PBXSourcesBuildPhase;
			buildActionMask = 2147483647;
			files = (
				09B0B28D19F5D99A008DCE56 /* E1Tests.m in Sources */,
			);
			runOnlyForDeploymentPostprocessing = 0;
		};
/* End PBXSourcesBuildPhase section */

/* Begin PBXTargetDependency section */
		09B0B28519F5D99A008DCE56 /* PBXTargetDependency */ = {
			isa = PBXTargetDependency;
			target = 09B0B25A19F5D99A008DCE56 /* E1 */;
			targetProxy = 09B0B28419F5D99A008DCE56 /* PBXContainerItemProxy */;
		};
/* End PBXTargetDependency section */

/* Begin PBXVariantGroup section */
		09B0B26719F5D99A008DCE56 /* InfoPlist.strings */ = {
			isa = PBXVariantGroup;
			children = (
				09B0B26819F5D99A008DCE56 /* en */,
			);
			name = InfoPlist.strings;
			sourceTree = "<group>";
		};
		09B0B28919F5D99A008DCE56 /* InfoPlist.strings */ = {
			isa = PBXVariantGroup;
			children = (
				09B0B28A19F5D99A008DCE56 /* en */,
			);
			name = InfoPlist.strings;
			sourceTree = "<group>";
		};
/* End PBXVariantGroup section */

/* Begin XCBuildConfiguration section */
		09B0B28E19F5D99A008DCE56 /* Debug */ = {
			isa = XCBuildConfiguration;
			buildSettings = {
				ALWAYS_SEARCH_USER_PATHS = NO;
				CLANG_CXX_LANGUAGE_STANDARD = "gnu++0x";
				CLANG_CXX_LIBRARY = "libc++";
				CLANG_ENABLE_MODULES = YES;
				CLANG_ENABLE_OBJC_ARC = YES;
				CLANG_WARN_BOOL_CONVERSION = YES;
				CLANG_WARN_CONSTANT_CONVERSION = YES;
				CLANG_WARN_DIRECT_OBJC_ISA_USAGE = YES_ERROR;
				CLANG_WARN_EMPTY_BODY = YES;
				CLANG_WARN_ENUM_CONVERSION = YES;
				CLANG_WARN_INT_CONVERSION = YES;
				CLANG_WARN_OBJC_ROOT_CLASS = YES_ERROR;
				CLANG_WARN__DUPLICATE_METHOD_MATCH = YES;
				"CODE_SIGN_IDENTITY[sdk=iphoneos*]" = "iPhone Developer";
				COPY_PHASE_STRIP = NO;
				GCC_C_LANGUAGE_STANDARD = gnu99;
				GCC_DYNAMIC_NO_PIC = NO;
				GCC_OPTIMIZATION_LEVEL = 0;
				GCC_PREPROCESSOR_DEFINITIONS = (
					"DEBUG=1",
					"$(inherited)",
				);
				GCC_SYMBOLS_PRIVATE_EXTERN = NO;
				GCC_WARN_64_TO_32_BIT_CONVERSION = YES;
				GCC_WARN_ABOUT_RETURN_TYPE = YES_ERROR;
				GCC_WARN_UNDECLARED_SELECTOR = YES;
				GCC_WARN_UNINITIALIZED_AUTOS = YES_AGGRESSIVE;
				GCC_WARN_UNUSED_FUNCTION = YES;
				GCC_WARN_UNUSED_VARIABLE = YES;
				IPHONEOS_DEPLOYMENT_TARGET = 7.1;
				ONLY_ACTIVE_ARCH = YES;
				SDKROOT = iphoneos;
				TARGETED_DEVICE_FAMILY = "1,2";
			};
			name = Debug;
		};
		09B0B28F19F5D99A008DCE56 /* Release */ = {
			isa = XCBuildConfiguration;
			buildSettings = {
				ALWAYS_SEARCH_USER_PATHS = NO;
				CLANG_CXX_LANGUAGE_STANDARD = "gnu++0x";
				CLANG_CXX_LIBRARY = "libc++";
				CLANG_ENABLE_MODULES = YES;
				CLANG_ENABLE_OBJC_ARC = YES;
				CLANG_WARN_BOOL_CONVERSION = YES;
				CLANG_WARN_CONSTANT_CONVERSION = YES;
				CLANG_WARN_DIRECT_OBJC_ISA_USAGE = YES_ERROR;
				CLANG_WARN_EMPTY_BODY = YES;
				CLANG_WARN_ENUM_CONVERSION = YES;
				CLANG_WARN_INT_CONVERSION = YES;
				CLANG_WARN_OBJC_ROOT_CLASS = YES_ERROR;
				CLANG_WARN__DUPLICATE_METHOD_MATCH = YES;
				"CODE_SIGN_IDENTITY[sdk=iphoneos*]" = "iPhone Developer";
				COPY_PHASE_STRIP = YES;
				ENABLE_NS_ASSERTIONS = NO;
				GCC_C_LANGUAGE_STANDARD = gnu99;
				GCC_WARN_64_TO_32_BIT_CONVERSION = YES;
				GCC_WARN_ABOUT_RETURN_TYPE = YES_ERROR;
				GCC_WARN_UNDECLARED_SELECTOR = YES;
				GCC_WARN_UNINITIALIZED_AUTOS = YES_AGGRESSIVE;
				GCC_WARN_UNUSED_FUNCTION = YES;
				GCC_WARN_UNUSED_VARIABLE = YES;
				IPHONEOS_DEPLOYMENT_TARGET = 7.1;
				SDKROOT = iphoneos;
				TARGETED_DEVICE_FAMILY = "1,2";
				VALIDATE_PRODUCT = YES;
			};
			name = Release;
		};
		09B0B29119F5D99A008DCE56 /* Debug */ = {
			isa = XCBuildConfiguration;
			buildSettings = {
				ASSETCATALOG_COMPILER_APPICON_NAME = AppIcon;
				ASSETCATALOG_COMPILER_LAUNCHIMAGE_NAME = LaunchImage;
				GCC_PRECOMPILE_PREFIX_HEADER = YES;
				GCC_PREFIX_HEADER = "E1/E1-Prefix.pch";
				INFOPLIST_FILE = "E1/E1-Info.plist";
				IPHONEOS_DEPLOYMENT_TARGET = 7.0;
				PRODUCT_NAME = "$(TARGET_NAME)";
				WRAPPER_EXTENSION = app;
			};
			name = Debug;
		};
		09B0B29219F5D99A008DCE56 /* Release */ = {
			isa = XCBuildConfiguration;
			buildSettings = {
				ASSETCATALOG_COMPILER_APPICON_NAME = AppIcon;
				ASSETCATALOG_COMPILER_LAUNCHIMAGE_NAME = LaunchImage;
				GCC_PRECOMPILE_PREFIX_HEADER = YES;
				GCC_PREFIX_HEADER = "E1/E1-Prefix.pch";
				INFOPLIST_FILE = "E1/E1-Info.plist";
				IPHONEOS_DEPLOYMENT_TARGET = 7.0;
				PRODUCT_NAME = "$(TARGET_NAME)";
				WRAPPER_EXTENSION = app;
			};
			name = Release;
		};
		09B0B29419F5D99A008DCE56 /* Debug */ = {
			isa = XCBuildConfiguration;
			buildSettings = {
				BUNDLE_LOADER = "$(BUILT_PRODUCTS_DIR)/E1.app/E1";
				FRAMEWORK_SEARCH_PATHS = (
					"$(SDKROOT)/Developer/Library/Frameworks",
					"$(inherited)",
					"$(DEVELOPER_FRAMEWORKS_DIR)",
				);
				GCC_PRECOMPILE_PREFIX_HEADER = YES;
				GCC_PREFIX_HEADER = "E1/E1-Prefix.pch";
				GCC_PREPROCESSOR_DEFINITIONS = (
					"DEBUG=1",
					"$(inherited)",
				);
				INFOPLIST_FILE = "E1Tests/E1Tests-Info.plist";
				PRODUCT_NAME = "$(TARGET_NAME)";
				TEST_HOST = "$(BUNDLE_LOADER)";
				WRAPPER_EXTENSION = xctest;
			};
			name = Debug;
		};
		09B0B29519F5D99A008DCE56 /* Release */ = {
			isa = XCBuildConfiguration;
			buildSettings = {
				BUNDLE_LOADER = "$(BUILT_PRODUCTS_DIR)/E1.app/E1";
				FRAMEWORK_SEARCH_PATHS = (
					"$(SDKROOT)/Developer/Library/Frameworks",
					"$(inherited)",
					"$(DEVELOPER_FRAMEWORKS_DIR)",
				);
				GCC_PRECOMPILE_PREFIX_HEADER = YES;
				GCC_PREFIX_HEADER = "E1/E1-Prefix.pch";
				INFOPLIST_FILE = "E1Tests/E1Tests-Info.plist";
				PRODUCT_NAME = "$(TARGET_NAME)";
				TEST_HOST = "$(BUNDLE_LOADER)";
				WRAPPER_EXTENSION = xctest;
			};
			name = Release;
		};
/* End XCBuildConfiguration section */

/* Begin XCConfigurationList section */
		09B0B25619F5D99A008DCE56 /* Build configuration list for PBXProject "E1" */ = {
			isa = XCConfigurationList;
			buildConfigurations = (
				09B0B28E19F5D99A008DCE56 /* Debug */,
				09B0B28F19F5D99A008DCE56 /* Release */,
			);
			defaultConfigurationIsVisible = 0;
			defaultConfigurationName = Release;
		};
		09B0B29019F5D99A008DCE56 /* Build configuration list for PBXNativeTarget "E1" */ = {
			isa = XCConfigurationList;
			buildConfigurations = (
				09B0B29119F5D99A008DCE56 /* Debug */,
				09B0B29219F5D99A008DCE56 /* Release */,
			);
			defaultConfigurationIsVisible = 0;
			defaultConfigurationName = Release;
		};
		09B0B29319F5D99A008DCE56 /* Build configuration list for PBXNativeTarget "E1Tests" */ = {
			isa = XCConfigurationList;
			buildConfigurations = (
				09B0B29419F5D99A008DCE56 /* Debug */,
				09B0B29519F5D99A008DCE56 /* Release */,
			);
			defaultConfigurationIsVisible = 0;
			defaultConfigurationName = Release;
		};
/* End XCConfigurationList section */
	};
	rootObject = 09B0B25319F5D99A008DCE56 /* Project object */;
}
