// !$*UTF8*$!
{
	archiveVersion = 1;
	classes = {
	};
	objectVersion = 46;
	objects = {

/* Begin PBXBuildFile section */
		090FB6ED19F5DA6A008F437F /* StatisticsModel.m in Sources */ = {isa = PBXBuildFile; fileRef = 090FB6E219F5DA6A008F437F /* StatisticsModel.m */; };
		090FB6EE19F5DA6A008F437F /* HTTPService.m in Sources */ = {isa = PBXBuildFile; fileRef = 090FB6E519F5DA6A008F437F /* HTTPService.m */; };
		090FB6EF19F5DA6A008F437F /* StatisticsPostWorker.m in Sources */ = {isa = PBXBuildFile; fileRef = 090FB6E719F5DA6A008F437F /* StatisticsPostWorker.m */; };
		09331BC419F901F2004EDFEA /* QuartzCore.framework in Frameworks */ = {isa = PBXBuildFile; fileRef = 09331BC319F901F2004EDFEA /* QuartzCore.framework */; };
		09B0B25F19F5D99A008DCE56 /* Foundation.framework in Frameworks */ = {isa = PBXBuildFile; fileRef = 09B0B25E19F5D99A008DCE56 /* Foundation.framework */; };
		09B0B26119F5D99A008DCE56 /* CoreGraphics.framework in Frameworks */ = {isa = PBXBuildFile; fileRef = 09B0B26019F5D99A008DCE56 /* CoreGraphics.framework */; };
		09B0B26319F5D99A008DCE56 /* UIKit.framework in Frameworks */ = {isa = PBXBuildFile; fileRef = 09B0B26219F5D99A008DCE56 /* UIKit.framework */; };
		09B0B26919F5D99A008DCE56 /* InfoPlist.strings in Resources */ = {isa = PBXBuildFile; fileRef = 09B0B26719F5D99A008DCE56 /* InfoPlist.strings */; };
		09B0B26B19F5D99A008DCE56 /* main.m in Sources */ = {isa = PBXBuildFile; fileRef = 09B0B26A19F5D99A008DCE56 /* main.m */; };
		09B0B26F19F5D99A008DCE56 /* AppDelegate.m in Sources */ = {isa = PBXBuildFile; fileRef = 09B0B26E19F5D99A008DCE56 /* AppDelegate.m */; };
		09B0B27A19F5D99A008DCE56 /* Images.xcassets in Resources */ = {isa = PBXBuildFile; fileRef = 09B0B27919F5D99A008DCE56 /* Images.xcassets */; };
		09B0B28119F5D99A008DCE56 /* XCTest.framework in Frameworks */ = {isa = PBXBuildFile; fileRef = 09B0B28019F5D99A008DCE56 /* XCTest.framework */; };
		09B0B28219F5D99A008DCE56 /* Foundation.framework in Frameworks */ = {isa = PBXBuildFile; fileRef = 09B0B25E19F5D99A008DCE56 /* Foundation.framework */; };
		09B0B28319F5D99A008DCE56 /* UIKit.framework in Frameworks */ = {isa = PBXBuildFile; fileRef = 09B0B26219F5D99A008DCE56 /* UIKit.framework */; };
		09B0B28B19F5D99A008DCE56 /* InfoPlist.strings in Resources */ = {isa = PBXBuildFile; fileRef = 09B0B28919F5D99A008DCE56 /* InfoPlist.strings */; };
		09B0B28D19F5D99A008DCE56 /* E1Tests.m in Sources */ = {isa = PBXBuildFile; fileRef = 09B0B28C19F5D99A008DCE56 /* E1Tests.m */; };
		AB0D11941A01FC31004C049B /* DashboardItemViewController.xib in Resources */ = {isa = PBXBuildFile; fileRef = AB0D11931A01FC31004C049B /* DashboardItemViewController.xib */; };
		AB18A96B1A01C3F7006546D4 /* NChart3D.framework in Frameworks */ = {isa = PBXBuildFile; fileRef = AB18A96A1A01C3F7006546D4 /* NChart3D.framework */; };
		AB18A96F1A01C44B006546D4 /* libstdc++.dylib in Frameworks */ = {isa = PBXBuildFile; fileRef = AB18A96E1A01C44B006546D4 /* libstdc++.dylib */; };
		AB18A9721A01C49E006546D4 /* AbstractNChartViewController.m in Sources */ = {isa = PBXBuildFile; fileRef = AB18A9711A01C49E006546D4 /* AbstractNChartViewController.m */; };
		AB7F115C1A0062CA00145E96 /* DashboardItemViewController.m in Sources */ = {isa = PBXBuildFile; fileRef = AB7F115B1A0062CA00145E96 /* DashboardItemViewController.m */; };
		ABE8A46519FF5912004E35E1 /* .gitignore in Resources */ = {isa = PBXBuildFile; fileRef = ABE8A46419FF5912004E35E1 /* .gitignore */; };
		E704FA791A77472A00309805 /* CoreData.framework in Frameworks */ = {isa = PBXBuildFile; fileRef = E704FA781A77472A00309805 /* CoreData.framework */; };
		E73300941AA9B24F006DA519 /* GameKitHelper.m in Sources */ = {isa = PBXBuildFile; fileRef = E73300931AA9B24F006DA519 /* GameKitHelper.m */; };
		E73FB3691AB65ECF0013BA15 /* UIColor+colorDataConverter.m in Sources */ = {isa = PBXBuildFile; fileRef = E73FB3681AB65ECF0013BA15 /* UIColor+colorDataConverter.m */; };
		E74CA0D11AA92AC80061E322 /* GameKit.framework in Frameworks */ = {isa = PBXBuildFile; fileRef = E74CA0D01AA92AC80061E322 /* GameKit.framework */; };
		E74CA0D41AA94B3A0061E322 /* MeetingCoordinator.m in Sources */ = {isa = PBXBuildFile; fileRef = E74CA0D31AA94B3A0061E322 /* MeetingCoordinator.m */; };
		E76FA6381A1A0DE400FA4613 /* ChartDataManager.m in Sources */ = {isa = PBXBuildFile; fileRef = E76FA6371A1A0DE400FA4613 /* ChartDataManager.m */; };
		E7711AF81A0790280096650B /* NChartDataModel.m in Sources */ = {isa = PBXBuildFile; fileRef = E7711AF71A0790280096650B /* NChartDataModel.m */; };
		E772A4881A898CF800110CF7 /* Model.xcdatamodeld in Sources */ = {isa = PBXBuildFile; fileRef = E772A4861A898CF800110CF7 /* Model.xcdatamodeld */; };
		E772CDD51A1D71560034E553 /* PageTableViewController.m in Sources */ = {isa = PBXBuildFile; fileRef = E772CDD41A1D71560034E553 /* PageTableViewController.m */; };
		E772CDD81A1D7D000034E553 /* SplitViewController.m in Sources */ = {isa = PBXBuildFile; fileRef = E772CDD71A1D7D000034E553 /* SplitViewController.m */; };
		E7732FC71A04B8D3002164CB /* GeneralNChartViewController.m in Sources */ = {isa = PBXBuildFile; fileRef = E7732FC61A04B8D3002164CB /* GeneralNChartViewController.m */; };
		E7760E9119F711E500AFFC4B /* CATransform3DPerspect.m in Sources */ = {isa = PBXBuildFile; fileRef = E7760E9019F711E500AFFC4B /* CATransform3DPerspect.m */; };
		E78256D519F88461005E42C1 /* ClaimModel.m in Sources */ = {isa = PBXBuildFile; fileRef = E78256D419F88461005E42C1 /* ClaimModel.m */; };
		E78B79CD1AA30A9500949871 /* PredictionCellTableViewCell.m in Sources */ = {isa = PBXBuildFile; fileRef = E78B79CB1AA30A9500949871 /* PredictionCellTableViewCell.m */; };
		E78B79CE1AA30A9500949871 /* PredictionCellTableViewCell.xib in Resources */ = {isa = PBXBuildFile; fileRef = E78B79CC1AA30A9500949871 /* PredictionCellTableViewCell.xib */; };
		E7938CFF1A1D65D300038CE4 /* ProgressBar.m in Sources */ = {isa = PBXBuildFile; fileRef = E7938CFE1A1D65D300038CE4 /* ProgressBar.m */; };
		E79531E41A76F39600B5CB40 /* NChartViewCell.m in Sources */ = {isa = PBXBuildFile; fileRef = E79531E31A76F39600B5CB40 /* NChartViewCell.m */; };
		E79531E71A76F6E200B5CB40 /* SingleChartView.m in Sources */ = {isa = PBXBuildFile; fileRef = E79531E61A76F6E200B5CB40 /* SingleChartView.m */; };
		E796756E1A43C6BF00482C92 /* PageTableViewController.xib in Resources */ = {isa = PBXBuildFile; fileRef = E796756D1A43C6BF00482C92 /* PageTableViewController.xib */; };
		E796757B1A43C6F100482C92 /* AlertController.m in Sources */ = {isa = PBXBuildFile; fileRef = E79675701A43C6F100482C92 /* AlertController.m */; };
		E796757C1A43C6F100482C92 /* AnimatedTransitioningManager.m in Sources */ = {isa = PBXBuildFile; fileRef = E79675721A43C6F100482C92 /* AnimatedTransitioningManager.m */; };
		E796757D1A43C6F100482C92 /* LoginViewController.m in Sources */ = {isa = PBXBuildFile; fileRef = E79675741A43C6F100482C92 /* LoginViewController.m */; };
		E796757E1A43C6F100482C92 /* LoginViewController.xib in Resources */ = {isa = PBXBuildFile; fileRef = E79675751A43C6F100482C92 /* LoginViewController.xib */; };
		E796757F1A43C6F100482C92 /* OutlinePresentationViewController.m in Sources */ = {isa = PBXBuildFile; fileRef = E79675771A43C6F100482C92 /* OutlinePresentationViewController.m */; };
		E79675801A43C6F100482C92 /* StartupViewController.m in Sources */ = {isa = PBXBuildFile; fileRef = E79675791A43C6F100482C92 /* StartupViewController.m */; };
		E79675811A43C6F100482C92 /* StartupViewController.xib in Resources */ = {isa = PBXBuildFile; fileRef = E796757A1A43C6F100482C92 /* StartupViewController.xib */; };
		E79675851A43C78E00482C92 /* SwitchCell.m in Sources */ = {isa = PBXBuildFile; fileRef = E79675831A43C78E00482C92 /* SwitchCell.m */; };
		E79675861A43C78E00482C92 /* SwitchCell.xib in Resources */ = {isa = PBXBuildFile; fileRef = E79675841A43C78E00482C92 /* SwitchCell.xib */; };
		E79675891A43C7F800482C92 /* LoginPresentationController.m in Sources */ = {isa = PBXBuildFile; fileRef = E79675881A43C7F800482C92 /* LoginPresentationController.m */; };
		E796758C1A43CAA300482C92 /* MainWindow.m in Sources */ = {isa = PBXBuildFile; fileRef = E796758B1A43CAA300482C92 /* MainWindow.m */; };
		E79675901A43CD6800482C92 /* SliderCell.m in Sources */ = {isa = PBXBuildFile; fileRef = E796758E1A43CD6800482C92 /* SliderCell.m */; };
		E79675911A43CD6800482C92 /* SliderCell.xib in Resources */ = {isa = PBXBuildFile; fileRef = E796758F1A43CD6800482C92 /* SliderCell.xib */; };
		E79675931A43D9D600482C92 /* coverView.xib in Resources */ = {isa = PBXBuildFile; fileRef = E79675921A43D9D600482C92 /* coverView.xib */; };
		E79BCA4F1A9C44BC00335465 /* ChildDetailChartViewController.m in Sources */ = {isa = PBXBuildFile; fileRef = E79BCA4B1A9C44BC00335465 /* ChildDetailChartViewController.m */; };
		E79BCA501A9C44BC00335465 /* DetailViewController.m in Sources */ = {isa = PBXBuildFile; fileRef = E79BCA4D1A9C44BC00335465 /* DetailViewController.m */; };
		E79BCA511A9C44BC00335465 /* DetailViewController.xib in Resources */ = {isa = PBXBuildFile; fileRef = E79BCA4E1A9C44BC00335465 /* DetailViewController.xib */; };
		E7A254981A1570C000568E65 /* PushAnimation.m in Sources */ = {isa = PBXBuildFile; fileRef = E7A254971A1570C000568E65 /* PushAnimation.m */; };
		E7A2549D1A15720100568E65 /* PopAnimation.m in Sources */ = {isa = PBXBuildFile; fileRef = E7A2549C1A15720100568E65 /* PopAnimation.m */; };
		E7A5DB691A0428F800CA2D30 /* AbstractNChartView.m in Sources */ = {isa = PBXBuildFile; fileRef = E7A5DB681A0428F800CA2D30 /* AbstractNChartView.m */; };
		E7A666ED1A4D44EA00D1E788 /* TLSpringFlowLayout.m in Sources */ = {isa = PBXBuildFile; fileRef = E7A666EC1A4D44EA00D1E788 /* TLSpringFlowLayout.m */; };
		E7A98FEB1AA9C16D003BC831 /* GameNavigationController.m in Sources */ = {isa = PBXBuildFile; fileRef = E7A98FEA1AA9C16D003BC831 /* GameNavigationController.m */; };
		E7C09F5D1AA0218800B526F8 /* PredictionConfigViewController.m in Sources */ = {isa = PBXBuildFile; fileRef = E7C09F5B1AA0218800B526F8 /* PredictionConfigViewController.m */; };
		E7C09F5E1AA0218800B526F8 /* PredictionConfigViewController.xib in Resources */ = {isa = PBXBuildFile; fileRef = E7C09F5C1AA0218800B526F8 /* PredictionConfigViewController.xib */; };
		E7C2226D1A22DBC100C9CAEE /* ProgressColumn.m in Sources */ = {isa = PBXBuildFile; fileRef = E7C2226C1A22DBC100C9CAEE /* ProgressColumn.m */; };
		E7C222701A22E47500C9CAEE /* GeneralChartView.m in Sources */ = {isa = PBXBuildFile; fileRef = E7C2226F1A22E47500C9CAEE /* GeneralChartView.m */; };
		E7C222811A25A1C600C9CAEE /* DashBoardViewController.m in Sources */ = {isa = PBXBuildFile; fileRef = E7C222801A25A1C600C9CAEE /* DashBoardViewController.m */; };
		E7C2229C1A2684C100C9CAEE /* AbstractCollectionViewCell.m in Sources */ = {isa = PBXBuildFile; fileRef = E7C2229B1A2684C100C9CAEE /* AbstractCollectionViewCell.m */; };
		E7C2229F1A26852B00C9CAEE /* EmptyCollectionViewCell.m in Sources */ = {isa = PBXBuildFile; fileRef = E7C2229E1A26852B00C9CAEE /* EmptyCollectionViewCell.m */; };
		E7C222A21A26856A00C9CAEE /* GeneralCollectionViewCell.m in Sources */ = {isa = PBXBuildFile; fileRef = E7C222A11A26856A00C9CAEE /* GeneralCollectionViewCell.m */; };
		E7C222A81A26A2BD00C9CAEE /* EmptyCollectionViewCell.xib in Resources */ = {isa = PBXBuildFile; fileRef = E7C222A71A26A2BD00C9CAEE /* EmptyCollectionViewCell.xib */; };
		E7C4364A1A6F655C00FB34CE /* CollectionViewCell.m in Sources */ = {isa = PBXBuildFile; fileRef = E7C436491A6F655C00FB34CE /* CollectionViewCell.m */; };
		E7C4364D1A6F6C6E00FB34CE /* GerneralChartViewController.m in Sources */ = {isa = PBXBuildFile; fileRef = E7C4364C1A6F6C6E00FB34CE /* GerneralChartViewController.m */; };
		E7E092361A6F6294006A8752 /* ChartView.m in Sources */ = {isa = PBXBuildFile; fileRef = E7E0922F1A6F6294006A8752 /* ChartView.m */; };
		E7E092371A6F6294006A8752 /* OneViewCell.m in Sources */ = {isa = PBXBuildFile; fileRef = E7E092311A6F6294006A8752 /* OneViewCell.m */; };
		E7E092381A6F6294006A8752 /* Progress.m in Sources */ = {isa = PBXBuildFile; fileRef = E7E092331A6F6294006A8752 /* Progress.m */; };
		E7E092391A6F6294006A8752 /* TwoViewCell.m in Sources */ = {isa = PBXBuildFile; fileRef = E7E092351A6F6294006A8752 /* TwoViewCell.m */; };
		E7E584BE1AA6A7D9000755F7 /* AxisTickValue.m in Sources */ = {isa = PBXBuildFile; fileRef = E7E584BD1AA6A7D9000755F7 /* AxisTickValue.m */; };
		E7E584C11AA6A7D9000755F7 /* MainMap.m in Sources */ = {isa = PBXBuildFile; fileRef = E7E584C01AA6A7D9000755F7 /* MainMap.m */; };
		E7E584C41AA6A7DA000755F7 /* PlusMap.m in Sources */ = {isa = PBXBuildFile; fileRef = E7E584C31AA6A7DA000755F7 /* PlusMap.m */; };
		E7E584C71AA6A7DA000755F7 /* Prediction.m in Sources */ = {isa = PBXBuildFile; fileRef = E7E584C61AA6A7DA000755F7 /* Prediction.m */; };
		E7E584CA1AA6A7DA000755F7 /* AxisValue.m in Sources */ = {isa = PBXBuildFile; fileRef = E7E584C91AA6A7DA000755F7 /* AxisValue.m */; };
		E7E584CD1AA6A7DA000755F7 /* Serie.m in Sources */ = {isa = PBXBuildFile; fileRef = E7E584CC1AA6A7DA000755F7 /* Serie.m */; };
		E7EC7ACD1A0D88FE00A989A4 /* GeneralNChartWithLabelViewController.m in Sources */ = {isa = PBXBuildFile; fileRef = E7EC7ACC1A0D88FE00A989A4 /* GeneralNChartWithLabelViewController.m */; };
		E7EC7AD21A0D89DF00A989A4 /* DoubleNChartWithLabelViewController.m in Sources */ = {isa = PBXBuildFile; fileRef = E7EC7AD11A0D89DF00A989A4 /* DoubleNChartWithLabelViewController.m */; };
/* End PBXBuildFile section */

/* Begin PBXContainerItemProxy section */
		09B0B28419F5D99A008DCE56 /* PBXContainerItemProxy */ = {
			isa = PBXContainerItemProxy;
			containerPortal = 09B0B25319F5D99A008DCE56 /* Project object */;
			proxyType = 1;
			remoteGlobalIDString = 09B0B25A19F5D99A008DCE56;
			remoteInfo = E1;
		};
/* End PBXContainerItemProxy section */

/* Begin PBXFileReference section */
		090FB6E119F5DA6A008F437F /* StatisticsModel.h */ = {isa = PBXFileReference; fileEncoding = 4; lastKnownFileType = sourcecode.c.h; path = StatisticsModel.h; sourceTree = "<group>"; };
		090FB6E219F5DA6A008F437F /* StatisticsModel.m */ = {isa = PBXFileReference; fileEncoding = 4; lastKnownFileType = sourcecode.c.objc; path = StatisticsModel.m; sourceTree = "<group>"; };
		090FB6E419F5DA6A008F437F /* HTTPService.h */ = {isa = PBXFileReference; fileEncoding = 4; lastKnownFileType = sourcecode.c.h; path = HTTPService.h; sourceTree = "<group>"; };
		090FB6E519F5DA6A008F437F /* HTTPService.m */ = {isa = PBXFileReference; fileEncoding = 4; lastKnownFileType = sourcecode.c.objc; path = HTTPService.m; sourceTree = "<group>"; };
		090FB6E619F5DA6A008F437F /* StatisticsPostWorker.h */ = {isa = PBXFileReference; fileEncoding = 4; lastKnownFileType = sourcecode.c.h; path = StatisticsPostWorker.h; sourceTree = "<group>"; };
		090FB6E719F5DA6A008F437F /* StatisticsPostWorker.m */ = {isa = PBXFileReference; fileEncoding = 4; lastKnownFileType = sourcecode.c.objc; path = StatisticsPostWorker.m; sourceTree = "<group>"; };
		090FB6F219F5DAD4008F437F /* Definations.h */ = {isa = PBXFileReference; fileEncoding = 4; lastKnownFileType = sourcecode.c.h; path = Definations.h; sourceTree = "<group>"; };
		090FB6F319F5DAD4008F437F /* Notifications.h */ = {isa = PBXFileReference; fileEncoding = 4; lastKnownFileType = sourcecode.c.h; path = Notifications.h; sourceTree = "<group>"; };
		09331BC319F901F2004EDFEA /* QuartzCore.framework */ = {isa = PBXFileReference; lastKnownFileType = wrapper.framework; name = QuartzCore.framework; path = System/Library/Frameworks/QuartzCore.framework; sourceTree = SDKROOT; };
		09B0B25B19F5D99A008DCE56 /* E1.app */ = {isa = PBXFileReference; explicitFileType = wrapper.application; includeInIndex = 0; path = E1.app; sourceTree = BUILT_PRODUCTS_DIR; };
		09B0B25E19F5D99A008DCE56 /* Foundation.framework */ = {isa = PBXFileReference; lastKnownFileType = wrapper.framework; name = Foundation.framework; path = System/Library/Frameworks/Foundation.framework; sourceTree = SDKROOT; };
		09B0B26019F5D99A008DCE56 /* CoreGraphics.framework */ = {isa = PBXFileReference; lastKnownFileType = wrapper.framework; name = CoreGraphics.framework; path = System/Library/Frameworks/CoreGraphics.framework; sourceTree = SDKROOT; };
		09B0B26219F5D99A008DCE56 /* UIKit.framework */ = {isa = PBXFileReference; lastKnownFileType = wrapper.framework; name = UIKit.framework; path = System/Library/Frameworks/UIKit.framework; sourceTree = SDKROOT; };
		09B0B26619F5D99A008DCE56 /* E1-Info.plist */ = {isa = PBXFileReference; lastKnownFileType = text.plist.xml; path = "E1-Info.plist"; sourceTree = "<group>"; };
		09B0B26819F5D99A008DCE56 /* en */ = {isa = PBXFileReference; lastKnownFileType = text.plist.strings; name = en; path = en.lproj/InfoPlist.strings; sourceTree = "<group>"; };
		09B0B26A19F5D99A008DCE56 /* main.m */ = {isa = PBXFileReference; lastKnownFileType = sourcecode.c.objc; path = main.m; sourceTree = "<group>"; };
		09B0B26C19F5D99A008DCE56 /* E1-Prefix.pch */ = {isa = PBXFileReference; lastKnownFileType = sourcecode.c.h; path = "E1-Prefix.pch"; sourceTree = "<group>"; };
		09B0B26D19F5D99A008DCE56 /* AppDelegate.h */ = {isa = PBXFileReference; lastKnownFileType = sourcecode.c.h; path = AppDelegate.h; sourceTree = "<group>"; };
		09B0B26E19F5D99A008DCE56 /* AppDelegate.m */ = {isa = PBXFileReference; lastKnownFileType = sourcecode.c.objc; path = AppDelegate.m; sourceTree = "<group>"; };
		09B0B27919F5D99A008DCE56 /* Images.xcassets */ = {isa = PBXFileReference; lastKnownFileType = folder.assetcatalog; path = Images.xcassets; sourceTree = "<group>"; };
		09B0B27F19F5D99A008DCE56 /* E1Tests.xctest */ = {isa = PBXFileReference; explicitFileType = wrapper.cfbundle; includeInIndex = 0; path = E1Tests.xctest; sourceTree = BUILT_PRODUCTS_DIR; };
		09B0B28019F5D99A008DCE56 /* XCTest.framework */ = {isa = PBXFileReference; lastKnownFileType = wrapper.framework; name = XCTest.framework; path = Library/Frameworks/XCTest.framework; sourceTree = DEVELOPER_DIR; };
		09B0B28819F5D99A008DCE56 /* E1Tests-Info.plist */ = {isa = PBXFileReference; lastKnownFileType = text.plist.xml; path = "E1Tests-Info.plist"; sourceTree = "<group>"; };
		09B0B28A19F5D99A008DCE56 /* en */ = {isa = PBXFileReference; lastKnownFileType = text.plist.strings; name = en; path = en.lproj/InfoPlist.strings; sourceTree = "<group>"; };
		09B0B28C19F5D99A008DCE56 /* E1Tests.m */ = {isa = PBXFileReference; lastKnownFileType = sourcecode.c.objc; path = E1Tests.m; sourceTree = "<group>"; };
		AB0D11931A01FC31004C049B /* DashboardItemViewController.xib */ = {isa = PBXFileReference; fileEncoding = 4; lastKnownFileType = file.xib; path = DashboardItemViewController.xib; sourceTree = "<group>"; };
		AB18A96A1A01C3F7006546D4 /* NChart3D.framework */ = {isa = PBXFileReference; lastKnownFileType = wrapper.framework; path = NChart3D.framework; sourceTree = "<group>"; };
		AB18A96E1A01C44B006546D4 /* libstdc++.dylib */ = {isa = PBXFileReference; lastKnownFileType = "compiled.mach-o.dylib"; name = "libstdc++.dylib"; path = "usr/lib/libstdc++.dylib"; sourceTree = SDKROOT; };
		AB18A9701A01C49E006546D4 /* AbstractNChartViewController.h */ = {isa = PBXFileReference; fileEncoding = 4; lastKnownFileType = sourcecode.c.h; path = AbstractNChartViewController.h; sourceTree = "<group>"; };
		AB18A9711A01C49E006546D4 /* AbstractNChartViewController.m */ = {isa = PBXFileReference; fileEncoding = 4; lastKnownFileType = sourcecode.c.objc; path = AbstractNChartViewController.m; sourceTree = "<group>"; };
		AB7F115A1A0062CA00145E96 /* DashboardItemViewController.h */ = {isa = PBXFileReference; fileEncoding = 4; lastKnownFileType = sourcecode.c.h; path = DashboardItemViewController.h; sourceTree = "<group>"; };
		AB7F115B1A0062CA00145E96 /* DashboardItemViewController.m */ = {isa = PBXFileReference; fileEncoding = 4; lastKnownFileType = sourcecode.c.objc; path = DashboardItemViewController.m; sourceTree = "<group>"; };
		ABE8A46419FF5912004E35E1 /* .gitignore */ = {isa = PBXFileReference; fileEncoding = 4; lastKnownFileType = text; path = .gitignore; sourceTree = "<group>"; };
		E704FA781A77472A00309805 /* CoreData.framework */ = {isa = PBXFileReference; lastKnownFileType = wrapper.framework; name = CoreData.framework; path = System/Library/Frameworks/CoreData.framework; sourceTree = SDKROOT; };
		E73300921AA9B24F006DA519 /* GameKitHelper.h */ = {isa = PBXFileReference; fileEncoding = 4; lastKnownFileType = sourcecode.c.h; path = GameKitHelper.h; sourceTree = "<group>"; };
		E73300931AA9B24F006DA519 /* GameKitHelper.m */ = {isa = PBXFileReference; fileEncoding = 4; lastKnownFileType = sourcecode.c.objc; path = GameKitHelper.m; sourceTree = "<group>"; };
		E73FB3671AB65ECF0013BA15 /* UIColor+colorDataConverter.h */ = {isa = PBXFileReference; fileEncoding = 4; lastKnownFileType = sourcecode.c.h; path = "UIColor+colorDataConverter.h"; sourceTree = "<group>"; };
		E73FB3681AB65ECF0013BA15 /* UIColor+colorDataConverter.m */ = {isa = PBXFileReference; fileEncoding = 4; lastKnownFileType = sourcecode.c.objc; path = "UIColor+colorDataConverter.m"; sourceTree = "<group>"; };
		E74CA0D01AA92AC80061E322 /* GameKit.framework */ = {isa = PBXFileReference; lastKnownFileType = wrapper.framework; name = GameKit.framework; path = System/Library/Frameworks/GameKit.framework; sourceTree = SDKROOT; };
		E74CA0D21AA94B3A0061E322 /* MeetingCoordinator.h */ = {isa = PBXFileReference; fileEncoding = 4; lastKnownFileType = sourcecode.c.h; path = MeetingCoordinator.h; sourceTree = "<group>"; };
		E74CA0D31AA94B3A0061E322 /* MeetingCoordinator.m */ = {isa = PBXFileReference; fileEncoding = 4; lastKnownFileType = sourcecode.c.objc; path = MeetingCoordinator.m; sourceTree = "<group>"; };
		E76FA6361A1A0DE400FA4613 /* ChartDataManager.h */ = {isa = PBXFileReference; fileEncoding = 4; lastKnownFileType = sourcecode.c.h; path = ChartDataManager.h; sourceTree = "<group>"; };
		E76FA6371A1A0DE400FA4613 /* ChartDataManager.m */ = {isa = PBXFileReference; fileEncoding = 4; lastKnownFileType = sourcecode.c.objc; path = ChartDataManager.m; sourceTree = "<group>"; };
		E7711AF61A0790280096650B /* NChartDataModel.h */ = {isa = PBXFileReference; fileEncoding = 4; lastKnownFileType = sourcecode.c.h; path = NChartDataModel.h; sourceTree = "<group>"; };
		E7711AF71A0790280096650B /* NChartDataModel.m */ = {isa = PBXFileReference; fileEncoding = 4; lastKnownFileType = sourcecode.c.objc; path = NChartDataModel.m; sourceTree = "<group>"; };
		E772A4871A898CF800110CF7 /* Model.xcdatamodel */ = {isa = PBXFileReference; lastKnownFileType = wrapper.xcdatamodel; path = Model.xcdatamodel; sourceTree = "<group>"; };
		E772CDD31A1D71560034E553 /* PageTableViewController.h */ = {isa = PBXFileReference; fileEncoding = 4; lastKnownFileType = sourcecode.c.h; path = PageTableViewController.h; sourceTree = "<group>"; };
		E772CDD41A1D71560034E553 /* PageTableViewController.m */ = {isa = PBXFileReference; fileEncoding = 4; lastKnownFileType = sourcecode.c.objc; path = PageTableViewController.m; sourceTree = "<group>"; };
		E772CDD61A1D7D000034E553 /* SplitViewController.h */ = {isa = PBXFileReference; fileEncoding = 4; lastKnownFileType = sourcecode.c.h; path = SplitViewController.h; sourceTree = "<group>"; };
		E772CDD71A1D7D000034E553 /* SplitViewController.m */ = {isa = PBXFileReference; fileEncoding = 4; lastKnownFileType = sourcecode.c.objc; path = SplitViewController.m; sourceTree = "<group>"; };
		E7732FC51A04B8D3002164CB /* GeneralNChartViewController.h */ = {isa = PBXFileReference; fileEncoding = 4; lastKnownFileType = sourcecode.c.h; path = GeneralNChartViewController.h; sourceTree = "<group>"; };
		E7732FC61A04B8D3002164CB /* GeneralNChartViewController.m */ = {isa = PBXFileReference; fileEncoding = 4; lastKnownFileType = sourcecode.c.objc; path = GeneralNChartViewController.m; sourceTree = "<group>"; };
		E7760E8F19F711E500AFFC4B /* CATransform3DPerspect.h */ = {isa = PBXFileReference; fileEncoding = 4; lastKnownFileType = sourcecode.c.h; path = CATransform3DPerspect.h; sourceTree = "<group>"; };
		E7760E9019F711E500AFFC4B /* CATransform3DPerspect.m */ = {isa = PBXFileReference; fileEncoding = 4; lastKnownFileType = sourcecode.c.objc; path = CATransform3DPerspect.m; sourceTree = "<group>"; };
		E78256D319F88461005E42C1 /* ClaimModel.h */ = {isa = PBXFileReference; fileEncoding = 4; lastKnownFileType = sourcecode.c.h; path = ClaimModel.h; sourceTree = "<group>"; };
		E78256D419F88461005E42C1 /* ClaimModel.m */ = {isa = PBXFileReference; fileEncoding = 4; lastKnownFileType = sourcecode.c.objc; path = ClaimModel.m; sourceTree = "<group>"; };
		E78B79CA1AA30A9500949871 /* PredictionCellTableViewCell.h */ = {isa = PBXFileReference; fileEncoding = 4; lastKnownFileType = sourcecode.c.h; path = PredictionCellTableViewCell.h; sourceTree = "<group>"; };
		E78B79CB1AA30A9500949871 /* PredictionCellTableViewCell.m */ = {isa = PBXFileReference; fileEncoding = 4; lastKnownFileType = sourcecode.c.objc; path = PredictionCellTableViewCell.m; sourceTree = "<group>"; };
		E78B79CC1AA30A9500949871 /* PredictionCellTableViewCell.xib */ = {isa = PBXFileReference; fileEncoding = 4; lastKnownFileType = file.xib; path = PredictionCellTableViewCell.xib; sourceTree = "<group>"; };
		E7938CFD1A1D65D300038CE4 /* ProgressBar.h */ = {isa = PBXFileReference; fileEncoding = 4; lastKnownFileType = sourcecode.c.h; path = ProgressBar.h; sourceTree = "<group>"; };
		E7938CFE1A1D65D300038CE4 /* ProgressBar.m */ = {isa = PBXFileReference; fileEncoding = 4; lastKnownFileType = sourcecode.c.objc; path = ProgressBar.m; sourceTree = "<group>"; };
		E79531E21A76F39600B5CB40 /* NChartViewCell.h */ = {isa = PBXFileReference; fileEncoding = 4; lastKnownFileType = sourcecode.c.h; path = NChartViewCell.h; sourceTree = "<group>"; };
		E79531E31A76F39600B5CB40 /* NChartViewCell.m */ = {isa = PBXFileReference; fileEncoding = 4; lastKnownFileType = sourcecode.c.objc; path = NChartViewCell.m; sourceTree = "<group>"; };
		E79531E51A76F6E200B5CB40 /* SingleChartView.h */ = {isa = PBXFileReference; fileEncoding = 4; lastKnownFileType = sourcecode.c.h; path = SingleChartView.h; sourceTree = "<group>"; };
		E79531E61A76F6E200B5CB40 /* SingleChartView.m */ = {isa = PBXFileReference; fileEncoding = 4; lastKnownFileType = sourcecode.c.objc; path = SingleChartView.m; sourceTree = "<group>"; };
		E79531E81A76F7E600B5CB40 /* AbstractNChartViewDelegate.h */ = {isa = PBXFileReference; lastKnownFileType = sourcecode.c.h; path = AbstractNChartViewDelegate.h; sourceTree = "<group>"; };
		E796756D1A43C6BF00482C92 /* PageTableViewController.xib */ = {isa = PBXFileReference; fileEncoding = 4; lastKnownFileType = file.xib; path = PageTableViewController.xib; sourceTree = "<group>"; };
		E796756F1A43C6F100482C92 /* AlertController.h */ = {isa = PBXFileReference; fileEncoding = 4; lastKnownFileType = sourcecode.c.h; path = AlertController.h; sourceTree = "<group>"; };
		E79675701A43C6F100482C92 /* AlertController.m */ = {isa = PBXFileReference; fileEncoding = 4; lastKnownFileType = sourcecode.c.objc; path = AlertController.m; sourceTree = "<group>"; };
		E79675711A43C6F100482C92 /* AnimatedTransitioningManager.h */ = {isa = PBXFileReference; fileEncoding = 4; lastKnownFileType = sourcecode.c.h; path = AnimatedTransitioningManager.h; sourceTree = "<group>"; };
		E79675721A43C6F100482C92 /* AnimatedTransitioningManager.m */ = {isa = PBXFileReference; fileEncoding = 4; lastKnownFileType = sourcecode.c.objc; path = AnimatedTransitioningManager.m; sourceTree = "<group>"; };
		E79675731A43C6F100482C92 /* LoginViewController.h */ = {isa = PBXFileReference; fileEncoding = 4; lastKnownFileType = sourcecode.c.h; path = LoginViewController.h; sourceTree = "<group>"; };
		E79675741A43C6F100482C92 /* LoginViewController.m */ = {isa = PBXFileReference; fileEncoding = 4; lastKnownFileType = sourcecode.c.objc; path = LoginViewController.m; sourceTree = "<group>"; };
		E79675751A43C6F100482C92 /* LoginViewController.xib */ = {isa = PBXFileReference; fileEncoding = 4; lastKnownFileType = file.xib; path = LoginViewController.xib; sourceTree = "<group>"; };
		E79675761A43C6F100482C92 /* OutlinePresentationViewController.h */ = {isa = PBXFileReference; fileEncoding = 4; lastKnownFileType = sourcecode.c.h; path = OutlinePresentationViewController.h; sourceTree = "<group>"; };
		E79675771A43C6F100482C92 /* OutlinePresentationViewController.m */ = {isa = PBXFileReference; fileEncoding = 4; lastKnownFileType = sourcecode.c.objc; path = OutlinePresentationViewController.m; sourceTree = "<group>"; };
		E79675781A43C6F100482C92 /* StartupViewController.h */ = {isa = PBXFileReference; fileEncoding = 4; lastKnownFileType = sourcecode.c.h; path = StartupViewController.h; sourceTree = "<group>"; };
		E79675791A43C6F100482C92 /* StartupViewController.m */ = {isa = PBXFileReference; fileEncoding = 4; lastKnownFileType = sourcecode.c.objc; path = StartupViewController.m; sourceTree = "<group>"; };
		E796757A1A43C6F100482C92 /* StartupViewController.xib */ = {isa = PBXFileReference; fileEncoding = 4; lastKnownFileType = file.xib; path = StartupViewController.xib; sourceTree = "<group>"; };
		E79675821A43C78E00482C92 /* SwitchCell.h */ = {isa = PBXFileReference; fileEncoding = 4; lastKnownFileType = sourcecode.c.h; path = SwitchCell.h; sourceTree = "<group>"; };
		E79675831A43C78E00482C92 /* SwitchCell.m */ = {isa = PBXFileReference; fileEncoding = 4; lastKnownFileType = sourcecode.c.objc; path = SwitchCell.m; sourceTree = "<group>"; };
		E79675841A43C78E00482C92 /* SwitchCell.xib */ = {isa = PBXFileReference; fileEncoding = 4; lastKnownFileType = file.xib; path = SwitchCell.xib; sourceTree = "<group>"; };
		E79675871A43C7F800482C92 /* LoginPresentationController.h */ = {isa = PBXFileReference; fileEncoding = 4; lastKnownFileType = sourcecode.c.h; path = LoginPresentationController.h; sourceTree = "<group>"; };
		E79675881A43C7F800482C92 /* LoginPresentationController.m */ = {isa = PBXFileReference; fileEncoding = 4; lastKnownFileType = sourcecode.c.objc; path = LoginPresentationController.m; sourceTree = "<group>"; };
		E796758A1A43CAA300482C92 /* MainWindow.h */ = {isa = PBXFileReference; fileEncoding = 4; lastKnownFileType = sourcecode.c.h; path = MainWindow.h; sourceTree = "<group>"; };
		E796758B1A43CAA300482C92 /* MainWindow.m */ = {isa = PBXFileReference; fileEncoding = 4; lastKnownFileType = sourcecode.c.objc; path = MainWindow.m; sourceTree = "<group>"; };
		E796758D1A43CD6800482C92 /* SliderCell.h */ = {isa = PBXFileReference; fileEncoding = 4; lastKnownFileType = sourcecode.c.h; path = SliderCell.h; sourceTree = "<group>"; };
		E796758E1A43CD6800482C92 /* SliderCell.m */ = {isa = PBXFileReference; fileEncoding = 4; lastKnownFileType = sourcecode.c.objc; path = SliderCell.m; sourceTree = "<group>"; };
		E796758F1A43CD6800482C92 /* SliderCell.xib */ = {isa = PBXFileReference; fileEncoding = 4; lastKnownFileType = file.xib; path = SliderCell.xib; sourceTree = "<group>"; };
		E79675921A43D9D600482C92 /* coverView.xib */ = {isa = PBXFileReference; fileEncoding = 4; lastKnownFileType = file.xib; path = coverView.xib; sourceTree = "<group>"; };
		E79BCA4A1A9C44BC00335465 /* ChildDetailChartViewController.h */ = {isa = PBXFileReference; fileEncoding = 4; lastKnownFileType = sourcecode.c.h; path = ChildDetailChartViewController.h; sourceTree = "<group>"; };
		E79BCA4B1A9C44BC00335465 /* ChildDetailChartViewController.m */ = {isa = PBXFileReference; fileEncoding = 4; lastKnownFileType = sourcecode.c.objc; path = ChildDetailChartViewController.m; sourceTree = "<group>"; };
		E79BCA4C1A9C44BC00335465 /* DetailViewController.h */ = {isa = PBXFileReference; fileEncoding = 4; lastKnownFileType = sourcecode.c.h; path = DetailViewController.h; sourceTree = "<group>"; };
		E79BCA4D1A9C44BC00335465 /* DetailViewController.m */ = {isa = PBXFileReference; fileEncoding = 4; lastKnownFileType = sourcecode.c.objc; path = DetailViewController.m; sourceTree = "<group>"; };
		E79BCA4E1A9C44BC00335465 /* DetailViewController.xib */ = {isa = PBXFileReference; fileEncoding = 4; lastKnownFileType = file.xib; path = DetailViewController.xib; sourceTree = "<group>"; };
		E7A254961A1570C000568E65 /* PushAnimation.h */ = {isa = PBXFileReference; fileEncoding = 4; lastKnownFileType = sourcecode.c.h; path = PushAnimation.h; sourceTree = "<group>"; };
		E7A254971A1570C000568E65 /* PushAnimation.m */ = {isa = PBXFileReference; fileEncoding = 4; lastKnownFileType = sourcecode.c.objc; path = PushAnimation.m; sourceTree = "<group>"; };
		E7A2549B1A15720100568E65 /* PopAnimation.h */ = {isa = PBXFileReference; fileEncoding = 4; lastKnownFileType = sourcecode.c.h; path = PopAnimation.h; sourceTree = "<group>"; };
		E7A2549C1A15720100568E65 /* PopAnimation.m */ = {isa = PBXFileReference; fileEncoding = 4; lastKnownFileType = sourcecode.c.objc; path = PopAnimation.m; sourceTree = "<group>"; };
		E7A5DB671A0428F800CA2D30 /* AbstractNChartView.h */ = {isa = PBXFileReference; fileEncoding = 4; lastKnownFileType = sourcecode.c.h; path = AbstractNChartView.h; sourceTree = "<group>"; };
		E7A5DB681A0428F800CA2D30 /* AbstractNChartView.m */ = {isa = PBXFileReference; fileEncoding = 4; lastKnownFileType = sourcecode.c.objc; path = AbstractNChartView.m; sourceTree = "<group>"; };
		E7A666EB1A4D44EA00D1E788 /* TLSpringFlowLayout.h */ = {isa = PBXFileReference; fileEncoding = 4; lastKnownFileType = sourcecode.c.h; path = TLSpringFlowLayout.h; sourceTree = "<group>"; };
		E7A666EC1A4D44EA00D1E788 /* TLSpringFlowLayout.m */ = {isa = PBXFileReference; fileEncoding = 4; lastKnownFileType = sourcecode.c.objc; path = TLSpringFlowLayout.m; sourceTree = "<group>"; };
		E7A98FE91AA9C16D003BC831 /* GameNavigationController.h */ = {isa = PBXFileReference; fileEncoding = 4; lastKnownFileType = sourcecode.c.h; path = GameNavigationController.h; sourceTree = "<group>"; };
		E7A98FEA1AA9C16D003BC831 /* GameNavigationController.m */ = {isa = PBXFileReference; fileEncoding = 4; lastKnownFileType = sourcecode.c.objc; path = GameNavigationController.m; sourceTree = "<group>"; };
		E7C09F5A1AA0218800B526F8 /* PredictionConfigViewController.h */ = {isa = PBXFileReference; fileEncoding = 4; lastKnownFileType = sourcecode.c.h; path = PredictionConfigViewController.h; sourceTree = "<group>"; };
		E7C09F5B1AA0218800B526F8 /* PredictionConfigViewController.m */ = {isa = PBXFileReference; fileEncoding = 4; lastKnownFileType = sourcecode.c.objc; path = PredictionConfigViewController.m; sourceTree = "<group>"; };
		E7C09F5C1AA0218800B526F8 /* PredictionConfigViewController.xib */ = {isa = PBXFileReference; fileEncoding = 4; lastKnownFileType = file.xib; path = PredictionConfigViewController.xib; sourceTree = "<group>"; };
		E7C2226B1A22DBC100C9CAEE /* ProgressColumn.h */ = {isa = PBXFileReference; fileEncoding = 4; lastKnownFileType = sourcecode.c.h; path = ProgressColumn.h; sourceTree = "<group>"; };
		E7C2226C1A22DBC100C9CAEE /* ProgressColumn.m */ = {isa = PBXFileReference; fileEncoding = 4; lastKnownFileType = sourcecode.c.objc; path = ProgressColumn.m; sourceTree = "<group>"; };
		E7C2226E1A22E47500C9CAEE /* GeneralChartView.h */ = {isa = PBXFileReference; fileEncoding = 4; lastKnownFileType = sourcecode.c.h; name = GeneralChartView.h; path = 3DPerspect/GeneralChartView.h; sourceTree = "<group>"; };
		E7C2226F1A22E47500C9CAEE /* GeneralChartView.m */ = {isa = PBXFileReference; fileEncoding = 4; lastKnownFileType = sourcecode.c.objc; name = GeneralChartView.m; path = 3DPerspect/GeneralChartView.m; sourceTree = "<group>"; };
		E7C2227F1A25A1C600C9CAEE /* DashBoardViewController.h */ = {isa = PBXFileReference; fileEncoding = 4; lastKnownFileType = sourcecode.c.h; path = DashBoardViewController.h; sourceTree = "<group>"; };
		E7C222801A25A1C600C9CAEE /* DashBoardViewController.m */ = {isa = PBXFileReference; fileEncoding = 4; lastKnownFileType = sourcecode.c.objc; path = DashBoardViewController.m; sourceTree = "<group>"; };
		E7C2229A1A2684C100C9CAEE /* AbstractCollectionViewCell.h */ = {isa = PBXFileReference; fileEncoding = 4; lastKnownFileType = sourcecode.c.h; path = AbstractCollectionViewCell.h; sourceTree = "<group>"; };
		E7C2229B1A2684C100C9CAEE /* AbstractCollectionViewCell.m */ = {isa = PBXFileReference; fileEncoding = 4; lastKnownFileType = sourcecode.c.objc; path = AbstractCollectionViewCell.m; sourceTree = "<group>"; };
		E7C2229D1A26852B00C9CAEE /* EmptyCollectionViewCell.h */ = {isa = PBXFileReference; fileEncoding = 4; lastKnownFileType = sourcecode.c.h; path = EmptyCollectionViewCell.h; sourceTree = "<group>"; };
		E7C2229E1A26852B00C9CAEE /* EmptyCollectionViewCell.m */ = {isa = PBXFileReference; fileEncoding = 4; lastKnownFileType = sourcecode.c.objc; path = EmptyCollectionViewCell.m; sourceTree = "<group>"; };
		E7C222A01A26856A00C9CAEE /* GeneralCollectionViewCell.h */ = {isa = PBXFileReference; fileEncoding = 4; lastKnownFileType = sourcecode.c.h; path = GeneralCollectionViewCell.h; sourceTree = "<group>"; };
		E7C222A11A26856A00C9CAEE /* GeneralCollectionViewCell.m */ = {isa = PBXFileReference; fileEncoding = 4; lastKnownFileType = sourcecode.c.objc; path = GeneralCollectionViewCell.m; sourceTree = "<group>"; };
		E7C222A71A26A2BD00C9CAEE /* EmptyCollectionViewCell.xib */ = {isa = PBXFileReference; fileEncoding = 4; lastKnownFileType = file.xib; path = EmptyCollectionViewCell.xib; sourceTree = "<group>"; };
		E7C436481A6F655C00FB34CE /* CollectionViewCell.h */ = {isa = PBXFileReference; fileEncoding = 4; lastKnownFileType = sourcecode.c.h; name = CollectionViewCell.h; path = E1/Views/CollectionViewCell.h; sourceTree = SOURCE_ROOT; };
		E7C436491A6F655C00FB34CE /* CollectionViewCell.m */ = {isa = PBXFileReference; fileEncoding = 4; lastKnownFileType = sourcecode.c.objc; name = CollectionViewCell.m; path = E1/Views/CollectionViewCell.m; sourceTree = SOURCE_ROOT; };
		E7C4364B1A6F6C6E00FB34CE /* GerneralChartViewController.h */ = {isa = PBXFileReference; fileEncoding = 4; lastKnownFileType = sourcecode.c.h; path = GerneralChartViewController.h; sourceTree = "<group>"; };
		E7C4364C1A6F6C6E00FB34CE /* GerneralChartViewController.m */ = {isa = PBXFileReference; fileEncoding = 4; lastKnownFileType = sourcecode.c.objc; path = GerneralChartViewController.m; sourceTree = "<group>"; };
		E7E0922E1A6F6294006A8752 /* ChartView.h */ = {isa = PBXFileReference; fileEncoding = 4; lastKnownFileType = sourcecode.c.h; path = ChartView.h; sourceTree = "<group>"; };
		E7E0922F1A6F6294006A8752 /* ChartView.m */ = {isa = PBXFileReference; fileEncoding = 4; lastKnownFileType = sourcecode.c.objc; path = ChartView.m; sourceTree = "<group>"; };
		E7E092301A6F6294006A8752 /* OneViewCell.h */ = {isa = PBXFileReference; fileEncoding = 4; lastKnownFileType = sourcecode.c.h; path = OneViewCell.h; sourceTree = "<group>"; };
		E7E092311A6F6294006A8752 /* OneViewCell.m */ = {isa = PBXFileReference; fileEncoding = 4; lastKnownFileType = sourcecode.c.objc; path = OneViewCell.m; sourceTree = "<group>"; };
		E7E092321A6F6294006A8752 /* Progress.h */ = {isa = PBXFileReference; fileEncoding = 4; lastKnownFileType = sourcecode.c.h; path = Progress.h; sourceTree = "<group>"; };
		E7E092331A6F6294006A8752 /* Progress.m */ = {isa = PBXFileReference; fileEncoding = 4; lastKnownFileType = sourcecode.c.objc; path = Progress.m; sourceTree = "<group>"; };
		E7E092341A6F6294006A8752 /* TwoViewCell.h */ = {isa = PBXFileReference; fileEncoding = 4; lastKnownFileType = sourcecode.c.h; path = TwoViewCell.h; sourceTree = "<group>"; };
		E7E092351A6F6294006A8752 /* TwoViewCell.m */ = {isa = PBXFileReference; fileEncoding = 4; lastKnownFileType = sourcecode.c.objc; path = TwoViewCell.m; sourceTree = "<group>"; };
		E7E584BC1AA6A7D9000755F7 /* AxisTickValue.h */ = {isa = PBXFileReference; fileEncoding = 4; lastKnownFileType = sourcecode.c.h; path = AxisTickValue.h; sourceTree = "<group>"; };
		E7E584BD1AA6A7D9000755F7 /* AxisTickValue.m */ = {isa = PBXFileReference; fileEncoding = 4; lastKnownFileType = sourcecode.c.objc; path = AxisTickValue.m; sourceTree = "<group>"; };
		E7E584BF1AA6A7D9000755F7 /* MainMap.h */ = {isa = PBXFileReference; fileEncoding = 4; lastKnownFileType = sourcecode.c.h; path = MainMap.h; sourceTree = "<group>"; };
		E7E584C01AA6A7D9000755F7 /* MainMap.m */ = {isa = PBXFileReference; fileEncoding = 4; lastKnownFileType = sourcecode.c.objc; path = MainMap.m; sourceTree = "<group>"; };
		E7E584C21AA6A7DA000755F7 /* PlusMap.h */ = {isa = PBXFileReference; fileEncoding = 4; lastKnownFileType = sourcecode.c.h; path = PlusMap.h; sourceTree = "<group>"; };
		E7E584C31AA6A7DA000755F7 /* PlusMap.m */ = {isa = PBXFileReference; fileEncoding = 4; lastKnownFileType = sourcecode.c.objc; path = PlusMap.m; sourceTree = "<group>"; };
		E7E584C51AA6A7DA000755F7 /* Prediction.h */ = {isa = PBXFileReference; fileEncoding = 4; lastKnownFileType = sourcecode.c.h; path = Prediction.h; sourceTree = "<group>"; };
		E7E584C61AA6A7DA000755F7 /* Prediction.m */ = {isa = PBXFileReference; fileEncoding = 4; lastKnownFileType = sourcecode.c.objc; path = Prediction.m; sourceTree = "<group>"; };
		E7E584C81AA6A7DA000755F7 /* AxisValue.h */ = {isa = PBXFileReference; fileEncoding = 4; lastKnownFileType = sourcecode.c.h; path = AxisValue.h; sourceTree = "<group>"; };
		E7E584C91AA6A7DA000755F7 /* AxisValue.m */ = {isa = PBXFileReference; fileEncoding = 4; lastKnownFileType = sourcecode.c.objc; path = AxisValue.m; sourceTree = "<group>"; };
		E7E584CB1AA6A7DA000755F7 /* Serie.h */ = {isa = PBXFileReference; fileEncoding = 4; lastKnownFileType = sourcecode.c.h; path = Serie.h; sourceTree = "<group>"; };
		E7E584CC1AA6A7DA000755F7 /* Serie.m */ = {isa = PBXFileReference; fileEncoding = 4; lastKnownFileType = sourcecode.c.objc; path = Serie.m; sourceTree = "<group>"; };
		E7EC7ACB1A0D88FE00A989A4 /* GeneralNChartWithLabelViewController.h */ = {isa = PBXFileReference; fileEncoding = 4; lastKnownFileType = sourcecode.c.h; path = GeneralNChartWithLabelViewController.h; sourceTree = "<group>"; };
		E7EC7ACC1A0D88FE00A989A4 /* GeneralNChartWithLabelViewController.m */ = {isa = PBXFileReference; fileEncoding = 4; lastKnownFileType = sourcecode.c.objc; path = GeneralNChartWithLabelViewController.m; sourceTree = "<group>"; };
		E7EC7AD01A0D89DF00A989A4 /* DoubleNChartWithLabelViewController.h */ = {isa = PBXFileReference; fileEncoding = 4; lastKnownFileType = sourcecode.c.h; path = DoubleNChartWithLabelViewController.h; sourceTree = "<group>"; };
		E7EC7AD11A0D89DF00A989A4 /* DoubleNChartWithLabelViewController.m */ = {isa = PBXFileReference; fileEncoding = 4; lastKnownFileType = sourcecode.c.objc; path = DoubleNChartWithLabelViewController.m; sourceTree = "<group>"; };
/* End PBXFileReference section */

/* Begin PBXFrameworksBuildPhase section */
		09B0B25819F5D99A008DCE56 /* Frameworks */ = {
			isa = PBXFrameworksBuildPhase;
			buildActionMask = 2147483647;
			files = (
				E74CA0D11AA92AC80061E322 /* GameKit.framework in Frameworks */,
				E704FA791A77472A00309805 /* CoreData.framework in Frameworks */,
				AB18A96F1A01C44B006546D4 /* libstdc++.dylib in Frameworks */,
				09331BC419F901F2004EDFEA /* QuartzCore.framework in Frameworks */,
				09B0B26119F5D99A008DCE56 /* CoreGraphics.framework in Frameworks */,
				AB18A96B1A01C3F7006546D4 /* NChart3D.framework in Frameworks */,
				09B0B26319F5D99A008DCE56 /* UIKit.framework in Frameworks */,
				09B0B25F19F5D99A008DCE56 /* Foundation.framework in Frameworks */,
			);
			runOnlyForDeploymentPostprocessing = 0;
		};
		09B0B27C19F5D99A008DCE56 /* Frameworks */ = {
			isa = PBXFrameworksBuildPhase;
			buildActionMask = 2147483647;
			files = (
				09B0B28119F5D99A008DCE56 /* XCTest.framework in Frameworks */,
				09B0B28319F5D99A008DCE56 /* UIKit.framework in Frameworks */,
				09B0B28219F5D99A008DCE56 /* Foundation.framework in Frameworks */,
			);
			runOnlyForDeploymentPostprocessing = 0;
		};
/* End PBXFrameworksBuildPhase section */

/* Begin PBXGroup section */
		090FB6E019F5DA6A008F437F /* Models */ = {
			isa = PBXGroup;
			children = (
				E772A4861A898CF800110CF7 /* Model.xcdatamodeld */,
				E7711AF61A0790280096650B /* NChartDataModel.h */,
				E7711AF71A0790280096650B /* NChartDataModel.m */,
				090FB6E119F5DA6A008F437F /* StatisticsModel.h */,
				090FB6E219F5DA6A008F437F /* StatisticsModel.m */,
				E78256D319F88461005E42C1 /* ClaimModel.h */,
				E78256D419F88461005E42C1 /* ClaimModel.m */,
				E76FA6361A1A0DE400FA4613 /* ChartDataManager.h */,
				E76FA6371A1A0DE400FA4613 /* ChartDataManager.m */,
				E7E584CB1AA6A7DA000755F7 /* Serie.h */,
				E7E584CC1AA6A7DA000755F7 /* Serie.m */,
				E7E584C81AA6A7DA000755F7 /* AxisValue.h */,
				E7E584C91AA6A7DA000755F7 /* AxisValue.m */,
				E7E584C51AA6A7DA000755F7 /* Prediction.h */,
				E7E584C61AA6A7DA000755F7 /* Prediction.m */,
				E7E584C21AA6A7DA000755F7 /* PlusMap.h */,
				E7E584C31AA6A7DA000755F7 /* PlusMap.m */,
				E7E584BF1AA6A7D9000755F7 /* MainMap.h */,
				E7E584C01AA6A7D9000755F7 /* MainMap.m */,
				E7E584BC1AA6A7D9000755F7 /* AxisTickValue.h */,
				E7E584BD1AA6A7D9000755F7 /* AxisTickValue.m */,
			);
			path = Models;
			sourceTree = "<group>";
		};
		090FB6E319F5DA6A008F437F /* Services */ = {
			isa = PBXGroup;
			children = (
				090FB6E419F5DA6A008F437F /* HTTPService.h */,
				090FB6E519F5DA6A008F437F /* HTTPService.m */,
				090FB6E619F5DA6A008F437F /* StatisticsPostWorker.h */,
				090FB6E719F5DA6A008F437F /* StatisticsPostWorker.m */,
			);
			path = Services;
			sourceTree = "<group>";
		};
		090FB6E819F5DA6A008F437F /* Views */ = {
			isa = PBXGroup;
			children = (
				E79531E51A76F6E200B5CB40 /* SingleChartView.h */,
				E79531E61A76F6E200B5CB40 /* SingleChartView.m */,
				E79531E21A76F39600B5CB40 /* NChartViewCell.h */,
				E79531E31A76F39600B5CB40 /* NChartViewCell.m */,
				E7C436481A6F655C00FB34CE /* CollectionViewCell.h */,
				E7C436491A6F655C00FB34CE /* CollectionViewCell.m */,
				E7E0922E1A6F6294006A8752 /* ChartView.h */,
				E7E0922F1A6F6294006A8752 /* ChartView.m */,
				E7E092301A6F6294006A8752 /* OneViewCell.h */,
				E7E092311A6F6294006A8752 /* OneViewCell.m */,
				E7E092321A6F6294006A8752 /* Progress.h */,
				E7E092331A6F6294006A8752 /* Progress.m */,
				E7E092341A6F6294006A8752 /* TwoViewCell.h */,
				E7E092351A6F6294006A8752 /* TwoViewCell.m */,
				E796758D1A43CD6800482C92 /* SliderCell.h */,
				E796758E1A43CD6800482C92 /* SliderCell.m */,
				E796758F1A43CD6800482C92 /* SliderCell.xib */,
				E796758A1A43CAA300482C92 /* MainWindow.h */,
				E796758B1A43CAA300482C92 /* MainWindow.m */,
				E79675821A43C78E00482C92 /* SwitchCell.h */,
				E79675831A43C78E00482C92 /* SwitchCell.m */,
				E79675841A43C78E00482C92 /* SwitchCell.xib */,
				E7C2226E1A22E47500C9CAEE /* GeneralChartView.h */,
				E7C2226F1A22E47500C9CAEE /* GeneralChartView.m */,
				E7938CFD1A1D65D300038CE4 /* ProgressBar.h */,
				E7938CFE1A1D65D300038CE4 /* ProgressBar.m */,
				E7760E8E19F711E500AFFC4B /* 3DPerspect */,
				E7A5DB671A0428F800CA2D30 /* AbstractNChartView.h */,
				E7A5DB681A0428F800CA2D30 /* AbstractNChartView.m */,
				E7C2226B1A22DBC100C9CAEE /* ProgressColumn.h */,
				E7C2226C1A22DBC100C9CAEE /* ProgressColumn.m */,
				E7C2229A1A2684C100C9CAEE /* AbstractCollectionViewCell.h */,
				E7C2229B1A2684C100C9CAEE /* AbstractCollectionViewCell.m */,
				E7C2229D1A26852B00C9CAEE /* EmptyCollectionViewCell.h */,
				E7C2229E1A26852B00C9CAEE /* EmptyCollectionViewCell.m */,
				E7C222A01A26856A00C9CAEE /* GeneralCollectionViewCell.h */,
				E7C222A11A26856A00C9CAEE /* GeneralCollectionViewCell.m */,
				E7C222A71A26A2BD00C9CAEE /* EmptyCollectionViewCell.xib */,
				E79531E81A76F7E600B5CB40 /* AbstractNChartViewDelegate.h */,
				E78B79CA1AA30A9500949871 /* PredictionCellTableViewCell.h */,
				E78B79CB1AA30A9500949871 /* PredictionCellTableViewCell.m */,
				E78B79CC1AA30A9500949871 /* PredictionCellTableViewCell.xib */,
			);
			path = Views;
			sourceTree = "<group>";
		};
		09B0B25219F5D99A008DCE56 = {
			isa = PBXGroup;
			children = (
				ABE8A46419FF5912004E35E1 /* .gitignore */,
				09B0B26419F5D99A008DCE56 /* E1 */,
				09B0B28619F5D99A008DCE56 /* E1Tests */,
				09B0B25D19F5D99A008DCE56 /* Frameworks */,
				09B0B25C19F5D99A008DCE56 /* Products */,
			);
			sourceTree = "<group>";
		};
		09B0B25C19F5D99A008DCE56 /* Products */ = {
			isa = PBXGroup;
			children = (
				09B0B25B19F5D99A008DCE56 /* E1.app */,
				09B0B27F19F5D99A008DCE56 /* E1Tests.xctest */,
			);
			name = Products;
			sourceTree = "<group>";
		};
		09B0B25D19F5D99A008DCE56 /* Frameworks */ = {
			isa = PBXGroup;
			children = (
				E74CA0D01AA92AC80061E322 /* GameKit.framework */,
				E704FA781A77472A00309805 /* CoreData.framework */,
				AB18A96E1A01C44B006546D4 /* libstdc++.dylib */,
				09331BC319F901F2004EDFEA /* QuartzCore.framework */,
				09B0B25E19F5D99A008DCE56 /* Foundation.framework */,
				09B0B26019F5D99A008DCE56 /* CoreGraphics.framework */,
				09B0B26219F5D99A008DCE56 /* UIKit.framework */,
				09B0B28019F5D99A008DCE56 /* XCTest.framework */,
			);
			name = Frameworks;
			sourceTree = "<group>";
		};
		09B0B26419F5D99A008DCE56 /* E1 */ = {
			isa = PBXGroup;
			children = (
				E73FB3661AB65ECF0013BA15 /* categories */,
				E74CA0CC1AA915000061E322 /* GameCenter */,
				E772CDD21A1D71210034E553 /* ViewControllers */,
				AB18A9691A01C3F7006546D4 /* NChart3D */,
				AB7F11591A0062A100145E96 /* DashboardItems */,
				090FB6E019F5DA6A008F437F /* Models */,
				090FB6E319F5DA6A008F437F /* Services */,
				090FB6E819F5DA6A008F437F /* Views */,
				09B0B26D19F5D99A008DCE56 /* AppDelegate.h */,
				09B0B26E19F5D99A008DCE56 /* AppDelegate.m */,
				090FB6F219F5DAD4008F437F /* Definations.h */,
				090FB6F319F5DAD4008F437F /* Notifications.h */,
				09B0B27919F5D99A008DCE56 /* Images.xcassets */,
				09B0B26519F5D99A008DCE56 /* Supporting Files */,
			);
			path = E1;
			sourceTree = "<group>";
		};
		09B0B26519F5D99A008DCE56 /* Supporting Files */ = {
			isa = PBXGroup;
			children = (
				09B0B26619F5D99A008DCE56 /* E1-Info.plist */,
				09B0B26719F5D99A008DCE56 /* InfoPlist.strings */,
				09B0B26A19F5D99A008DCE56 /* main.m */,
				09B0B26C19F5D99A008DCE56 /* E1-Prefix.pch */,
			);
			name = "Supporting Files";
			sourceTree = "<group>";
		};
		09B0B28619F5D99A008DCE56 /* E1Tests */ = {
			isa = PBXGroup;
			children = (
				09B0B28C19F5D99A008DCE56 /* E1Tests.m */,
				09B0B28719F5D99A008DCE56 /* Supporting Files */,
			);
			path = E1Tests;
			sourceTree = "<group>";
		};
		09B0B28719F5D99A008DCE56 /* Supporting Files */ = {
			isa = PBXGroup;
			children = (
				09B0B28819F5D99A008DCE56 /* E1Tests-Info.plist */,
				09B0B28919F5D99A008DCE56 /* InfoPlist.strings */,
			);
			name = "Supporting Files";
			sourceTree = "<group>";
		};
		AB18A9691A01C3F7006546D4 /* NChart3D */ = {
			isa = PBXGroup;
			children = (
				E79675921A43D9D600482C92 /* coverView.xib */,
				AB18A96A1A01C3F7006546D4 /* NChart3D.framework */,
				AB18A9701A01C49E006546D4 /* AbstractNChartViewController.h */,
				AB18A9711A01C49E006546D4 /* AbstractNChartViewController.m */,
				E7732FC51A04B8D3002164CB /* GeneralNChartViewController.h */,
				E7732FC61A04B8D3002164CB /* GeneralNChartViewController.m */,
				E7EC7ACB1A0D88FE00A989A4 /* GeneralNChartWithLabelViewController.h */,
				E7EC7ACC1A0D88FE00A989A4 /* GeneralNChartWithLabelViewController.m */,
				E7EC7AD01A0D89DF00A989A4 /* DoubleNChartWithLabelViewController.h */,
				E7EC7AD11A0D89DF00A989A4 /* DoubleNChartWithLabelViewController.m */,
			);
			path = NChart3D;
			sourceTree = "<group>";
		};
		AB7F11591A0062A100145E96 /* DashboardItems */ = {
			isa = PBXGroup;
			children = (
				AB7F115A1A0062CA00145E96 /* DashboardItemViewController.h */,
				AB7F115B1A0062CA00145E96 /* DashboardItemViewController.m */,
				AB0D11931A01FC31004C049B /* DashboardItemViewController.xib */,
				E7A254961A1570C000568E65 /* PushAnimation.h */,
				E7A254971A1570C000568E65 /* PushAnimation.m */,
				E7A2549B1A15720100568E65 /* PopAnimation.h */,
				E7A2549C1A15720100568E65 /* PopAnimation.m */,
			);
			path = DashboardItems;
			sourceTree = "<group>";
		};
		E73FB3661AB65ECF0013BA15 /* categories */ = {
			isa = PBXGroup;
			children = (
				E73FB3671AB65ECF0013BA15 /* UIColor+colorDataConverter.h */,
				E73FB3681AB65ECF0013BA15 /* UIColor+colorDataConverter.m */,
			);
			path = categories;
			sourceTree = "<group>";
		};
		E74CA0CC1AA915000061E322 /* GameCenter */ = {
			isa = PBXGroup;
			children = (
				E7A98FE91AA9C16D003BC831 /* GameNavigationController.h */,
				E7A98FEA1AA9C16D003BC831 /* GameNavigationController.m */,
				E73300921AA9B24F006DA519 /* GameKitHelper.h */,
				E73300931AA9B24F006DA519 /* GameKitHelper.m */,
				E74CA0D21AA94B3A0061E322 /* MeetingCoordinator.h */,
				E74CA0D31AA94B3A0061E322 /* MeetingCoordinator.m */,
			);
			path = GameCenter;
			sourceTree = "<group>";
		};
		E772CDD21A1D71210034E553 /* ViewControllers */ = {
			isa = PBXGroup;
			children = (
				E79BCA4A1A9C44BC00335465 /* ChildDetailChartViewController.h */,
				E79BCA4B1A9C44BC00335465 /* ChildDetailChartViewController.m */,
				E79BCA4C1A9C44BC00335465 /* DetailViewController.h */,
				E79BCA4D1A9C44BC00335465 /* DetailViewController.m */,
				E79BCA4E1A9C44BC00335465 /* DetailViewController.xib */,
				E7C4364B1A6F6C6E00FB34CE /* GerneralChartViewController.h */,
				E7C4364C1A6F6C6E00FB34CE /* GerneralChartViewController.m */,
				E7A666EB1A4D44EA00D1E788 /* TLSpringFlowLayout.h */,
				E7A666EC1A4D44EA00D1E788 /* TLSpringFlowLayout.m */,
				E79675871A43C7F800482C92 /* LoginPresentationController.h */,
				E79675881A43C7F800482C92 /* LoginPresentationController.m */,
				E796756F1A43C6F100482C92 /* AlertController.h */,
				E79675701A43C6F100482C92 /* AlertController.m */,
				E79675711A43C6F100482C92 /* AnimatedTransitioningManager.h */,
				E79675721A43C6F100482C92 /* AnimatedTransitioningManager.m */,
				E79675731A43C6F100482C92 /* LoginViewController.h */,
				E79675741A43C6F100482C92 /* LoginViewController.m */,
				E79675751A43C6F100482C92 /* LoginViewController.xib */,
				E79675761A43C6F100482C92 /* OutlinePresentationViewController.h */,
				E79675771A43C6F100482C92 /* OutlinePresentationViewController.m */,
				E79675781A43C6F100482C92 /* StartupViewController.h */,
				E79675791A43C6F100482C92 /* StartupViewController.m */,
				E796757A1A43C6F100482C92 /* StartupViewController.xib */,
				E796756D1A43C6BF00482C92 /* PageTableViewController.xib */,
				E772CDD31A1D71560034E553 /* PageTableViewController.h */,
				E772CDD41A1D71560034E553 /* PageTableViewController.m */,
				E772CDD61A1D7D000034E553 /* SplitViewController.h */,
				E772CDD71A1D7D000034E553 /* SplitViewController.m */,
				E7C2227F1A25A1C600C9CAEE /* DashBoardViewController.h */,
				E7C222801A25A1C600C9CAEE /* DashBoardViewController.m */,
				E7C09F5A1AA0218800B526F8 /* PredictionConfigViewController.h */,
				E7C09F5B1AA0218800B526F8 /* PredictionConfigViewController.m */,
				E7C09F5C1AA0218800B526F8 /* PredictionConfigViewController.xib */,
			);
			path = ViewControllers;
			sourceTree = "<group>";
		};
		E7760E8E19F711E500AFFC4B /* 3DPerspect */ = {
			isa = PBXGroup;
			children = (
				E7760E8F19F711E500AFFC4B /* CATransform3DPerspect.h */,
				E7760E9019F711E500AFFC4B /* CATransform3DPerspect.m */,
			);
			path = 3DPerspect;
			sourceTree = "<group>";
		};
/* End PBXGroup section */

/* Begin PBXNativeTarget section */
		09B0B25A19F5D99A008DCE56 /* E1 */ = {
			isa = PBXNativeTarget;
			buildConfigurationList = 09B0B29019F5D99A008DCE56 /* Build configuration list for PBXNativeTarget "E1" */;
			buildPhases = (
				09B0B25719F5D99A008DCE56 /* Sources */,
				09B0B25819F5D99A008DCE56 /* Frameworks */,
				09B0B25919F5D99A008DCE56 /* Resources */,
			);
			buildRules = (
			);
			dependencies = (
			);
			name = E1;
			productName = E1;
			productReference = 09B0B25B19F5D99A008DCE56 /* E1.app */;
			productType = "com.apple.product-type.application";
		};
		09B0B27E19F5D99A008DCE56 /* E1Tests */ = {
			isa = PBXNativeTarget;
			buildConfigurationList = 09B0B29319F5D99A008DCE56 /* Build configuration list for PBXNativeTarget "E1Tests" */;
			buildPhases = (
				09B0B27B19F5D99A008DCE56 /* Sources */,
				09B0B27C19F5D99A008DCE56 /* Frameworks */,
				09B0B27D19F5D99A008DCE56 /* Resources */,
			);
			buildRules = (
			);
			dependencies = (
				09B0B28519F5D99A008DCE56 /* PBXTargetDependency */,
			);
			name = E1Tests;
			productName = E1Tests;
			productReference = 09B0B27F19F5D99A008DCE56 /* E1Tests.xctest */;
			productType = "com.apple.product-type.bundle.unit-test";
		};
/* End PBXNativeTarget section */

/* Begin PBXProject section */
		09B0B25319F5D99A008DCE56 /* Project object */ = {
			isa = PBXProject;
			attributes = {
				LastUpgradeCheck = 0510;
				ORGANIZATIONNAME = EY;
				TargetAttributes = {
					09B0B27E19F5D99A008DCE56 = {
						TestTargetID = 09B0B25A19F5D99A008DCE56;
					};
				};
			};
			buildConfigurationList = 09B0B25619F5D99A008DCE56 /* Build configuration list for PBXProject "E1" */;
			compatibilityVersion = "Xcode 3.2";
			developmentRegion = English;
			hasScannedForEncodings = 0;
			knownRegions = (
				en,
				Base,
			);
			mainGroup = 09B0B25219F5D99A008DCE56;
			productRefGroup = 09B0B25C19F5D99A008DCE56 /* Products */;
			projectDirPath = "";
			projectRoot = "";
			targets = (
				09B0B25A19F5D99A008DCE56 /* E1 */,
				09B0B27E19F5D99A008DCE56 /* E1Tests */,
			);
		};
/* End PBXProject section */

/* Begin PBXResourcesBuildPhase section */
		09B0B25919F5D99A008DCE56 /* Resources */ = {
			isa = PBXResourcesBuildPhase;
			buildActionMask = 2147483647;
			files = (
				E78B79CE1AA30A9500949871 /* PredictionCellTableViewCell.xib in Resources */,
				E79675811A43C6F100482C92 /* StartupViewController.xib in Resources */,
				E7C09F5E1AA0218800B526F8 /* PredictionConfigViewController.xib in Resources */,
				E79BCA511A9C44BC00335465 /* DetailViewController.xib in Resources */,
				E796756E1A43C6BF00482C92 /* PageTableViewController.xib in Resources */,
				E79675861A43C78E00482C92 /* SwitchCell.xib in Resources */,
				AB0D11941A01FC31004C049B /* DashboardItemViewController.xib in Resources */,
				E79675911A43CD6800482C92 /* SliderCell.xib in Resources */,
				E79675931A43D9D600482C92 /* coverView.xib in Resources */,
				E7C222A81A26A2BD00C9CAEE /* EmptyCollectionViewCell.xib in Resources */,
				09B0B27A19F5D99A008DCE56 /* Images.xcassets in Resources */,
				ABE8A46519FF5912004E35E1 /* .gitignore in Resources */,
				09B0B26919F5D99A008DCE56 /* InfoPlist.strings in Resources */,
				E796757E1A43C6F100482C92 /* LoginViewController.xib in Resources */,
			);
			runOnlyForDeploymentPostprocessing = 0;
		};
		09B0B27D19F5D99A008DCE56 /* Resources */ = {
			isa = PBXResourcesBuildPhase;
			buildActionMask = 2147483647;
			files = (
				09B0B28B19F5D99A008DCE56 /* InfoPlist.strings in Resources */,
			);
			runOnlyForDeploymentPostprocessing = 0;
		};
/* End PBXResourcesBuildPhase section */

/* Begin PBXSourcesBuildPhase section */
		09B0B25719F5D99A008DCE56 /* Sources */ = {
			isa = PBXSourcesBuildPhase;
			buildActionMask = 2147483647;
			files = (
				E79531E71A76F6E200B5CB40 /* SingleChartView.m in Sources */,
				E772A4881A898CF800110CF7 /* Model.xcdatamodeld in Sources */,
				E79675801A43C6F100482C92 /* StartupViewController.m in Sources */,
				E7711AF81A0790280096650B /* NChartDataModel.m in Sources */,
				E796757C1A43C6F100482C92 /* AnimatedTransitioningManager.m in Sources */,
				E7A666ED1A4D44EA00D1E788 /* TLSpringFlowLayout.m in Sources */,
				E7E584CA1AA6A7DA000755F7 /* AxisValue.m in Sources */,
				E7E584C41AA6A7DA000755F7 /* PlusMap.m in Sources */,
				E79BCA501A9C44BC00335465 /* DetailViewController.m in Sources */,
				AB18A9721A01C49E006546D4 /* AbstractNChartViewController.m in Sources */,
				E74CA0D41AA94B3A0061E322 /* MeetingCoordinator.m in Sources */,
				E7A98FEB1AA9C16D003BC831 /* GameNavigationController.m in Sources */,
				E772CDD51A1D71560034E553 /* PageTableViewController.m in Sources */,
				E79531E41A76F39600B5CB40 /* NChartViewCell.m in Sources */,
				E7938CFF1A1D65D300038CE4 /* ProgressBar.m in Sources */,
				090FB6EF19F5DA6A008F437F /* StatisticsPostWorker.m in Sources */,
				E76FA6381A1A0DE400FA4613 /* ChartDataManager.m in Sources */,
				E796757D1A43C6F100482C92 /* LoginViewController.m in Sources */,
				E73300941AA9B24F006DA519 /* GameKitHelper.m in Sources */,
				E7E092381A6F6294006A8752 /* Progress.m in Sources */,
				E7C222811A25A1C600C9CAEE /* DashBoardViewController.m in Sources */,
				E7C4364A1A6F655C00FB34CE /* CollectionViewCell.m in Sources */,
				E78B79CD1AA30A9500949871 /* PredictionCellTableViewCell.m in Sources */,
				E78256D519F88461005E42C1 /* ClaimModel.m in Sources */,
				E7E092371A6F6294006A8752 /* OneViewCell.m in Sources */,
				E7E584C71AA6A7DA000755F7 /* Prediction.m in Sources */,
				E796758C1A43CAA300482C92 /* MainWindow.m in Sources */,
				E7C2229C1A2684C100C9CAEE /* AbstractCollectionViewCell.m in Sources */,
				E796757F1A43C6F100482C92 /* OutlinePresentationViewController.m in Sources */,
				090FB6ED19F5DA6A008F437F /* StatisticsModel.m in Sources */,
				E7E584CD1AA6A7DA000755F7 /* Serie.m in Sources */,
				090FB6EE19F5DA6A008F437F /* HTTPService.m in Sources */,
				E7E584BE1AA6A7D9000755F7 /* AxisTickValue.m in Sources */,
				E7A2549D1A15720100568E65 /* PopAnimation.m in Sources */,
				E7C09F5D1AA0218800B526F8 /* PredictionConfigViewController.m in Sources */,
				E7E092391A6F6294006A8752 /* TwoViewCell.m in Sources */,
				E79675891A43C7F800482C92 /* LoginPresentationController.m in Sources */,
				E7760E9119F711E500AFFC4B /* CATransform3DPerspect.m in Sources */,
				E7A254981A1570C000568E65 /* PushAnimation.m in Sources */,
				E7E092361A6F6294006A8752 /* ChartView.m in Sources */,
				E7C2226D1A22DBC100C9CAEE /* ProgressColumn.m in Sources */,
				E7732FC71A04B8D3002164CB /* GeneralNChartViewController.m in Sources */,
				E7C222701A22E47500C9CAEE /* GeneralChartView.m in Sources */,
				E73FB3691AB65ECF0013BA15 /* UIColor+colorDataConverter.m in Sources */,
				E79675851A43C78E00482C92 /* SwitchCell.m in Sources */,
				E7C222A21A26856A00C9CAEE /* GeneralCollectionViewCell.m in Sources */,
				E79675901A43CD6800482C92 /* SliderCell.m in Sources */,
				09B0B26F19F5D99A008DCE56 /* AppDelegate.m in Sources */,
				E7A5DB691A0428F800CA2D30 /* AbstractNChartView.m in Sources */,
				E7C2229F1A26852B00C9CAEE /* EmptyCollectionViewCell.m in Sources */,
				E796757B1A43C6F100482C92 /* AlertController.m in Sources */,
				E7E584C11AA6A7D9000755F7 /* MainMap.m in Sources */,
				E772CDD81A1D7D000034E553 /* SplitViewController.m in Sources */,
				E79BCA4F1A9C44BC00335465 /* ChildDetailChartViewController.m in Sources */,
				E7EC7AD21A0D89DF00A989A4 /* DoubleNChartWithLabelViewController.m in Sources */,
				09B0B26B19F5D99A008DCE56 /* main.m in Sources */,
				E7EC7ACD1A0D88FE00A989A4 /* GeneralNChartWithLabelViewController.m in Sources */,
				E7C4364D1A6F6C6E00FB34CE /* GerneralChartViewController.m in Sources */,
				AB7F115C1A0062CA00145E96 /* DashboardItemViewController.m in Sources */,
			);
			runOnlyForDeploymentPostprocessing = 0;
		};
		09B0B27B19F5D99A008DCE56 /* Sources */ = {
			isa = PBXSourcesBuildPhase;
			buildActionMask = 2147483647;
			files = (
				09B0B28D19F5D99A008DCE56 /* E1Tests.m in Sources */,
			);
			runOnlyForDeploymentPostprocessing = 0;
		};
/* End PBXSourcesBuildPhase section */

/* Begin PBXTargetDependency section */
		09B0B28519F5D99A008DCE56 /* PBXTargetDependency */ = {
			isa = PBXTargetDependency;
			target = 09B0B25A19F5D99A008DCE56 /* E1 */;
			targetProxy = 09B0B28419F5D99A008DCE56 /* PBXContainerItemProxy */;
		};
/* End PBXTargetDependency section */

/* Begin PBXVariantGroup section */
		09B0B26719F5D99A008DCE56 /* InfoPlist.strings */ = {
			isa = PBXVariantGroup;
			children = (
				09B0B26819F5D99A008DCE56 /* en */,
			);
			name = InfoPlist.strings;
			sourceTree = "<group>";
		};
		09B0B28919F5D99A008DCE56 /* InfoPlist.strings */ = {
			isa = PBXVariantGroup;
			children = (
				09B0B28A19F5D99A008DCE56 /* en */,
			);
			name = InfoPlist.strings;
			sourceTree = "<group>";
		};
/* End PBXVariantGroup section */

/* Begin XCBuildConfiguration section */
		09B0B28E19F5D99A008DCE56 /* Debug */ = {
			isa = XCBuildConfiguration;
			buildSettings = {
				ALWAYS_SEARCH_USER_PATHS = NO;
				CLANG_CXX_LANGUAGE_STANDARD = "gnu++0x";
				CLANG_CXX_LIBRARY = "libc++";
				CLANG_ENABLE_MODULES = YES;
				CLANG_ENABLE_OBJC_ARC = YES;
				CLANG_WARN_BOOL_CONVERSION = YES;
				CLANG_WARN_CONSTANT_CONVERSION = YES;
				CLANG_WARN_DIRECT_OBJC_ISA_USAGE = YES_ERROR;
				CLANG_WARN_EMPTY_BODY = YES;
				CLANG_WARN_ENUM_CONVERSION = YES;
				CLANG_WARN_INT_CONVERSION = YES;
				CLANG_WARN_OBJC_ROOT_CLASS = YES_ERROR;
				CLANG_WARN__DUPLICATE_METHOD_MATCH = YES;
				"CODE_SIGN_IDENTITY[sdk=iphoneos*]" = "iPhone Developer";
				COPY_PHASE_STRIP = NO;
				GCC_C_LANGUAGE_STANDARD = gnu99;
				GCC_DYNAMIC_NO_PIC = NO;
				GCC_OPTIMIZATION_LEVEL = 0;
				GCC_PREPROCESSOR_DEFINITIONS = (
					"DEBUG=1",
					"$(inherited)",
				);
				GCC_SYMBOLS_PRIVATE_EXTERN = NO;
				GCC_WARN_64_TO_32_BIT_CONVERSION = YES;
				GCC_WARN_ABOUT_RETURN_TYPE = YES_ERROR;
				GCC_WARN_UNDECLARED_SELECTOR = YES;
				GCC_WARN_UNINITIALIZED_AUTOS = YES_AGGRESSIVE;
				GCC_WARN_UNUSED_FUNCTION = YES;
				GCC_WARN_UNUSED_VARIABLE = YES;
				IPHONEOS_DEPLOYMENT_TARGET = 7.1;
				ONLY_ACTIVE_ARCH = YES;
				SDKROOT = iphoneos;
				TARGETED_DEVICE_FAMILY = "1,2";
			};
			name = Debug;
		};
		09B0B28F19F5D99A008DCE56 /* Release */ = {
			isa = XCBuildConfiguration;
			buildSettings = {
				ALWAYS_SEARCH_USER_PATHS = NO;
				CLANG_CXX_LANGUAGE_STANDARD = "gnu++0x";
				CLANG_CXX_LIBRARY = "libc++";
				CLANG_ENABLE_MODULES = YES;
				CLANG_ENABLE_OBJC_ARC = YES;
				CLANG_WARN_BOOL_CONVERSION = YES;
				CLANG_WARN_CONSTANT_CONVERSION = YES;
				CLANG_WARN_DIRECT_OBJC_ISA_USAGE = YES_ERROR;
				CLANG_WARN_EMPTY_BODY = YES;
				CLANG_WARN_ENUM_CONVERSION = YES;
				CLANG_WARN_INT_CONVERSION = YES;
				CLANG_WARN_OBJC_ROOT_CLASS = YES_ERROR;
				CLANG_WARN__DUPLICATE_METHOD_MATCH = YES;
				"CODE_SIGN_IDENTITY[sdk=iphoneos*]" = "iPhone Developer";
				COPY_PHASE_STRIP = YES;
				ENABLE_NS_ASSERTIONS = NO;
				GCC_C_LANGUAGE_STANDARD = gnu99;
				GCC_WARN_64_TO_32_BIT_CONVERSION = YES;
				GCC_WARN_ABOUT_RETURN_TYPE = YES_ERROR;
				GCC_WARN_UNDECLARED_SELECTOR = YES;
				GCC_WARN_UNINITIALIZED_AUTOS = YES_AGGRESSIVE;
				GCC_WARN_UNUSED_FUNCTION = YES;
				GCC_WARN_UNUSED_VARIABLE = YES;
				IPHONEOS_DEPLOYMENT_TARGET = 7.1;
				SDKROOT = iphoneos;
				TARGETED_DEVICE_FAMILY = "1,2";
				VALIDATE_PRODUCT = YES;
			};
			name = Release;
		};
		09B0B29119F5D99A008DCE56 /* Debug */ = {
			isa = XCBuildConfiguration;
			buildSettings = {
				ASSETCATALOG_COMPILER_APPICON_NAME = AppIcon;
				ASSETCATALOG_COMPILER_LAUNCHIMAGE_NAME = LaunchImage;
				FRAMEWORK_SEARCH_PATHS = (
					"$(inherited)",
					"$(PROJECT_DIR)/E1/NChart3D",
				);
				GCC_PRECOMPILE_PREFIX_HEADER = YES;
				GCC_PREFIX_HEADER = "E1/E1-Prefix.pch";
				HEADER_SEARCH_PATHS = (
					"$(inherited)",
					/Volumes/MACOS/Applications/Xcode.app/Contents/Developer/Toolchains/XcodeDefault.xctoolchain/usr/include,
					"/Users/jacklin/Documents/EY_Entertainment/E1/E1/core-plot-master/framework/**",
					"/Users/lei/Workspace/EY/**",
					"/Users/linchuang/Documents/EY_Entertainment/E1/E1/core-plot-master/framework/**",
				);
				INFOPLIST_FILE = "E1/E1-Info.plist";
				IPHONEOS_DEPLOYMENT_TARGET = 7.0;
				LIBRARY_SEARCH_PATHS = "$(inherited)";
				OTHER_LDFLAGS = (
					"-ObjC",
					"-all_load",
				);
				PRODUCT_NAME = "$(TARGET_NAME)";
				WRAPPER_EXTENSION = app;
			};
			name = Debug;
		};
		09B0B29219F5D99A008DCE56 /* Release */ = {
			isa = XCBuildConfiguration;
			buildSettings = {
				ASSETCATALOG_COMPILER_APPICON_NAME = AppIcon;
				ASSETCATALOG_COMPILER_LAUNCHIMAGE_NAME = LaunchImage;
				FRAMEWORK_SEARCH_PATHS = (
					"$(inherited)",
					"$(PROJECT_DIR)/E1/NChart3D",
				);
				GCC_PRECOMPILE_PREFIX_HEADER = YES;
				GCC_PREFIX_HEADER = "E1/E1-Prefix.pch";
				HEADER_SEARCH_PATHS = (
					"$(inherited)",
					/Volumes/MACOS/Applications/Xcode.app/Contents/Developer/Toolchains/XcodeDefault.xctoolchain/usr/include,
					"/Users/jacklin/Documents/EY_Entertainment/E1/E1/core-plot-master/framework/**",
					"/Users/lei/Workspace/EY/**",
					"/Users/linchuang/Documents/EY_Entertainment/E1/E1/core-plot-master/framework/**",
				);
				INFOPLIST_FILE = "E1/E1-Info.plist";
				IPHONEOS_DEPLOYMENT_TARGET = 7.0;
				LIBRARY_SEARCH_PATHS = "$(inherited)";
				OTHER_LDFLAGS = (
					"-ObjC",
					"-all_load",
				);
				PRODUCT_NAME = "$(TARGET_NAME)";
				WRAPPER_EXTENSION = app;
			};
			name = Release;
		};
		09B0B29419F5D99A008DCE56 /* Debug */ = {
			isa = XCBuildConfiguration;
			buildSettings = {
				BUNDLE_LOADER = "$(BUILT_PRODUCTS_DIR)/E1.app/E1";
				FRAMEWORK_SEARCH_PATHS = (
					"$(SDKROOT)/Developer/Library/Frameworks",
					"$(inherited)",
					"$(DEVELOPER_FRAMEWORKS_DIR)",
				);
				GCC_PRECOMPILE_PREFIX_HEADER = YES;
				GCC_PREFIX_HEADER = "E1/E1-Prefix.pch";
				GCC_PREPROCESSOR_DEFINITIONS = (
					"DEBUG=1",
					"$(inherited)",
				);
				INFOPLIST_FILE = "E1Tests/E1Tests-Info.plist";
				PRODUCT_NAME = "$(TARGET_NAME)";
				TEST_HOST = "$(BUNDLE_LOADER)";
				WRAPPER_EXTENSION = xctest;
			};
			name = Debug;
		};
		09B0B29519F5D99A008DCE56 /* Release */ = {
			isa = XCBuildConfiguration;
			buildSettings = {
				BUNDLE_LOADER = "$(BUILT_PRODUCTS_DIR)/E1.app/E1";
				FRAMEWORK_SEARCH_PATHS = (
					"$(SDKROOT)/Developer/Library/Frameworks",
					"$(inherited)",
					"$(DEVELOPER_FRAMEWORKS_DIR)",
				);
				GCC_PRECOMPILE_PREFIX_HEADER = YES;
				GCC_PREFIX_HEADER = "E1/E1-Prefix.pch";
				INFOPLIST_FILE = "E1Tests/E1Tests-Info.plist";
				PRODUCT_NAME = "$(TARGET_NAME)";
				TEST_HOST = "$(BUNDLE_LOADER)";
				WRAPPER_EXTENSION = xctest;
			};
			name = Release;
		};
/* End XCBuildConfiguration section */

/* Begin XCConfigurationList section */
		09B0B25619F5D99A008DCE56 /* Build configuration list for PBXProject "E1" */ = {
			isa = XCConfigurationList;
			buildConfigurations = (
				09B0B28E19F5D99A008DCE56 /* Debug */,
				09B0B28F19F5D99A008DCE56 /* Release */,
			);
			defaultConfigurationIsVisible = 0;
			defaultConfigurationName = Release;
		};
		09B0B29019F5D99A008DCE56 /* Build configuration list for PBXNativeTarget "E1" */ = {
			isa = XCConfigurationList;
			buildConfigurations = (
				09B0B29119F5D99A008DCE56 /* Debug */,
				09B0B29219F5D99A008DCE56 /* Release */,
			);
			defaultConfigurationIsVisible = 0;
			defaultConfigurationName = Release;
		};
		09B0B29319F5D99A008DCE56 /* Build configuration list for PBXNativeTarget "E1Tests" */ = {
			isa = XCConfigurationList;
			buildConfigurations = (
				09B0B29419F5D99A008DCE56 /* Debug */,
				09B0B29519F5D99A008DCE56 /* Release */,
			);
			defaultConfigurationIsVisible = 0;
			defaultConfigurationName = Release;
		};
/* End XCConfigurationList section */

/* Begin XCVersionGroup section */
		E772A4861A898CF800110CF7 /* Model.xcdatamodeld */ = {
			isa = XCVersionGroup;
			children = (
				E772A4871A898CF800110CF7 /* Model.xcdatamodel */,
			);
			currentVersion = E772A4871A898CF800110CF7 /* Model.xcdatamodel */;
			path = Model.xcdatamodeld;
			sourceTree = "<group>";
			versionGroupType = wrapper.xcdatamodel;
		};
/* End XCVersionGroup section */
	};
	rootObject = 09B0B25319F5D99A008DCE56 /* Project object */;
}
